<?xml version="1.0" encoding="utf-8"?>
<Project ToolsVersion="4.0" xmlns="http://schemas.microsoft.com/developer/msbuild/2003">
  <ItemGroup>
    <Filter Include="Code">
      <UniqueIdentifier>{4FC737F1-C7A5-4376-A066-2A32D752A2FF}</UniqueIdentifier>
      <Extensions>cpp;c;cc;cxx;def;odl;idl;hpj;bat;asm;asmx;h;hh;hpp;hxx;hm;inl;inc;xsd</Extensions>
    </Filter>
    <Filter Include="Externals">
      <UniqueIdentifier>{cc75fc86-c08d-428a-8ae3-f9979e4588ab}</UniqueIdentifier>
    </Filter>
    <Filter Include="Code\CacheTypes">
      <UniqueIdentifier>{43a56b9a-0f5c-4c22-8836-1102252497a4}</UniqueIdentifier>
    </Filter>
    <Filter Include="Code\TeamCity">
      <UniqueIdentifier>{5438a56d-1009-412a-86e3-ceb1112af275}</UniqueIdentifier>
    </Filter>
    <Filter Include="Configs">
      <UniqueIdentifier>{fe8a65d3-4f84-4051-ac62-cf4e0f788b43}</UniqueIdentifier>
    </Filter>
  </ItemGroup>
  <ItemGroup>
    <ClCompile Include="..\..\src\configuration_test.cpp">
      <Filter>Code</Filter>
    </ClCompile>
    <ClCompile Include="..\..\src\connection_info_test.cpp">
      <Filter>Code</Filter>
    </ClCompile>
    <ClCompile Include="..\..\src\parser_test.cpp">
      <Filter>Code</Filter>
    </ClCompile>
    <ClCompile Include="..\..\src\application_data_buffer_test.cpp">
      <Filter>Code</Filter>
    </ClCompile>
    <ClCompile Include="..\..\src\row_test.cpp">
      <Filter>Code</Filter>
    </ClCompile>
    <ClCompile Include="..\..\src\cursor_test.cpp">
      <Filter>Code</Filter>
    </ClCompile>
    <ClCompile Include="..\..\src\utility_test.cpp">
      <Filter>Code</Filter>
    </ClCompile>
    <ClCompile Include="..\..\src\column_test.cpp">
      <Filter>Code</Filter>
    </ClCompile>
    <ClCompile Include="..\..\..\odbc\src\app\application_data_buffer.cpp">
      <Filter>Externals</Filter>
    </ClCompile>
    <ClCompile Include="..\..\..\odbc\src\column.cpp">
      <Filter>Externals</Filter>
    </ClCompile>
    <ClCompile Include="..\..\..\odbc\src\config\configuration.cpp">
      <Filter>Externals</Filter>
    </ClCompile>
    <ClCompile Include="..\..\..\odbc\src\config\connection_info.cpp">
      <Filter>Externals</Filter>
    </ClCompile>
    <ClCompile Include="..\..\..\odbc\src\cursor.cpp">
      <Filter>Externals</Filter>
    </ClCompile>
    <ClCompile Include="..\..\..\odbc\src\result_page.cpp">
      <Filter>Externals</Filter>
    </ClCompile>
    <ClCompile Include="..\..\..\odbc\src\row.cpp">
      <Filter>Externals</Filter>
    </ClCompile>
    <ClCompile Include="..\..\..\odbc\src\utility.cpp">
      <Filter>Externals</Filter>
    </ClCompile>
    <ClCompile Include="..\..\src\teamcity\teamcity_boost.cpp">
      <Filter>Code\TeamCity</Filter>
    </ClCompile>
    <ClCompile Include="..\..\src\teamcity\teamcity_messages.cpp">
      <Filter>Code\TeamCity</Filter>
    </ClCompile>
    <ClCompile Include="..\..\src\queries_test.cpp">
      <Filter>Code</Filter>
    </ClCompile>
    <ClCompile Include="..\..\..\odbc\src\protocol_version.cpp">
      <Filter>Externals</Filter>
    </ClCompile>
    <ClCompile Include="..\..\src\sql_string_functions_test.cpp">
      <Filter>Code</Filter>
    </ClCompile>
    <ClCompile Include="..\..\src\test_utils.cpp">
      <Filter>Code</Filter>
    </ClCompile>
    <ClCompile Include="..\..\src\sql_numeric_functions_test.cpp">
      <Filter>Code</Filter>
    </ClCompile>
    <ClCompile Include="..\..\src\sql_aggregate_functions_test.cpp">
      <Filter>Code</Filter>
    </ClCompile>
    <ClCompile Include="..\..\src\sql_system_functions_test.cpp">
      <Filter>Code</Filter>
    </ClCompile>
    <ClCompile Include="..\..\src\sql_esc_convert_function_test.cpp">
      <Filter>Code</Filter>
    </ClCompile>
    <ClCompile Include="..\..\src\sql_operators_test.cpp">
      <Filter>Code</Filter>
    </ClCompile>
    <ClCompile Include="..\..\src\sql_types_test.cpp">
      <Filter>Code</Filter>
    </ClCompile>
    <ClCompile Include="..\..\src\sql_test_suite_fixture.cpp">
      <Filter>Code</Filter>
    </ClCompile>
    <ClCompile Include="..\..\src\sql_value_expressions_test.cpp">
      <Filter>Code</Filter>
    </ClCompile>
    <ClCompile Include="..\..\src\sql_outer_join_test.cpp">
      <Filter>Code</Filter>
    </ClCompile>
    <ClCompile Include="..\..\src\sql_date_time_functions_test.cpp">
      <Filter>Code</Filter>
    </ClCompile>
    <ClCompile Include="..\..\src\api_robustness_test.cpp">
      <Filter>Code</Filter>
    </ClCompile>
  </ItemGroup>
  <ItemGroup>
    <ClInclude Include="..\..\include\test_type.h">
      <Filter>Code\CacheTypes</Filter>
    </ClInclude>
    <ClInclude Include="..\..\include\teamcity\teamcity_messages.h">
      <Filter>Code\TeamCity</Filter>
    </ClInclude>
    <ClInclude Include="..\..\include\test_utils.h">
      <Filter>Code</Filter>
    </ClInclude>
    <ClInclude Include="..\..\include\sql_test_suite_fixture.h">
      <Filter>Code</Filter>
    </ClInclude>
    <ClInclude Include="..\..\include\complex_type.h">
      <Filter>Code\CacheTypes</Filter>
    </ClInclude>
  </ItemGroup>
  <ItemGroup>
    <None Include="..\..\config\queries-test.xml">
      <Filter>Configs</Filter>
    </None>
    <None Include="..\..\config\queries-test-noodbc.xml">
      <Filter>Configs</Filter>
    </None>
  </ItemGroup>
</Project>