
Microsoft Visual Studio Solution File, Format Version 12.00
# Visual Studio Express 2013 for Windows Desktop
VisualStudioVersion = 12.0.21005.1
MinimumVisualStudioVersion = 10.0.40219.1
Project("{FAE04EC0-301F-11D3-BF4B-00C04F79EFBC}") = "client-lib", "client-lib\client-lib.csproj", "{1A6F93A0-33A1-42D1-B97D-CBFCF787D637}"
EndProject
Project("{FAE04EC0-301F-11D3-BF4B-00C04F79EFBC}") = "client-lib-test", "..\src\test\dotnet\client-lib-test\client-lib-test.csproj", "{52F1327C-E0DB-4096-AEC6-FDF2B5F46176}"
EndProject
Project("{FAE04EC0-301F-11D3-BF4B-00C04F79EFBC}") = "client-lib-load-test", "..\src\test\dotnet\client-lib-load-test\client-lib-load-test.csproj", "{3A9951C7-1D20-440E-8E3E-81D6FC550A0A}"
EndProject
Project("{FAE04EC0-301F-11D3-BF4B-00C04F79EFBC}") = "client-lib-test-runner", "..\src\test\dotnet\client-lib-test-runner\client-lib-test-runner.csproj", "{EE80B127-634F-4105-852D-46375A87CFC1}"
EndProject
Project("{FAE04EC0-301F-11D3-BF4B-00C04F79EFBC}") = "client-examples-test", "..\src\test\dotnet\client-examples-test\client-examples-test.csproj", "{68F3BF3F-86C1-4AFF-B914-1DD690A273CA}"
EndProject
Project("{FAE04EC0-301F-11D3-BF4B-00C04F79EFBC}") = "GridClientApiExample", "..\..\..\examples\clients\dotnet\GridClientApiExample.csproj", "{93C19D37-D5A4-41D0-8E10-F214B1F61213}"
EndProject
Global
	GlobalSection(SolutionConfigurationPlatforms) = preSolution
		Debug|Any CPU = Debug|Any CPU
		Debug|Mixed Platforms = Debug|Mixed Platforms
		Debug|x86 = Debug|x86
		DebugSnk|Any CPU = DebugSnk|Any CPU
		DebugSnk|Mixed Platforms = DebugSnk|Mixed Platforms
		DebugSnk|x86 = DebugSnk|x86
		Release|Any CPU = Release|Any CPU
		Release|Mixed Platforms = Release|Mixed Platforms
		Release|x86 = Release|x86
		ReleaseSnk|Any CPU = ReleaseSnk|Any CPU
		ReleaseSnk|Mixed Platforms = ReleaseSnk|Mixed Platforms
		ReleaseSnk|x86 = ReleaseSnk|x86
	EndGlobalSection
	GlobalSection(ProjectConfigurationPlatforms) = postSolution
		{1A6F93A0-33A1-42D1-B97D-CBFCF787D637}.Debug|Any CPU.ActiveCfg = Debug|Any CPU
		{1A6F93A0-33A1-42D1-B97D-CBFCF787D637}.Debug|Any CPU.Build.0 = Debug|Any CPU
		{1A6F93A0-33A1-42D1-B97D-CBFCF787D637}.Debug|Mixed Platforms.ActiveCfg = Debug|Any CPU
		{1A6F93A0-33A1-42D1-B97D-CBFCF787D637}.Debug|Mixed Platforms.Build.0 = Debug|Any CPU
		{1A6F93A0-33A1-42D1-B97D-CBFCF787D637}.Debug|x86.ActiveCfg = Debug|Any CPU
		{1A6F93A0-33A1-42D1-B97D-CBFCF787D637}.DebugSnk|Any CPU.ActiveCfg = Debug|Any CPU
		{1A6F93A0-33A1-42D1-B97D-CBFCF787D637}.DebugSnk|Any CPU.Build.0 = Debug|Any CPU
		{1A6F93A0-33A1-42D1-B97D-CBFCF787D637}.DebugSnk|Mixed Platforms.ActiveCfg = Debug|Any CPU
		{1A6F93A0-33A1-42D1-B97D-CBFCF787D637}.DebugSnk|Mixed Platforms.Build.0 = Debug|Any CPU
		{1A6F93A0-33A1-42D1-B97D-CBFCF787D637}.DebugSnk|x86.ActiveCfg = Debug|Any CPU
		{1A6F93A0-33A1-42D1-B97D-CBFCF787D637}.Release|Any CPU.ActiveCfg = Release|Any CPU
		{1A6F93A0-33A1-42D1-B97D-CBFCF787D637}.Release|Any CPU.Build.0 = Release|Any CPU
		{1A6F93A0-33A1-42D1-B97D-CBFCF787D637}.Release|Mixed Platforms.ActiveCfg = Release|Any CPU
		{1A6F93A0-33A1-42D1-B97D-CBFCF787D637}.Release|Mixed Platforms.Build.0 = Release|Any CPU
		{1A6F93A0-33A1-42D1-B97D-CBFCF787D637}.Release|x86.ActiveCfg = Release|Any CPU
		{1A6F93A0-33A1-42D1-B97D-CBFCF787D637}.ReleaseSnk|Any CPU.ActiveCfg = Release|Any CPU
		{1A6F93A0-33A1-42D1-B97D-CBFCF787D637}.ReleaseSnk|Any CPU.Build.0 = Release|Any CPU
		{1A6F93A0-33A1-42D1-B97D-CBFCF787D637}.ReleaseSnk|Mixed Platforms.ActiveCfg = Release|Any CPU
		{1A6F93A0-33A1-42D1-B97D-CBFCF787D637}.ReleaseSnk|Mixed Platforms.Build.0 = Release|Any CPU
		{1A6F93A0-33A1-42D1-B97D-CBFCF787D637}.ReleaseSnk|x86.ActiveCfg = Release|Any CPU
		{52F1327C-E0DB-4096-AEC6-FDF2B5F46176}.Debug|Any CPU.ActiveCfg = Debug|x86
		{52F1327C-E0DB-4096-AEC6-FDF2B5F46176}.Debug|Mixed Platforms.ActiveCfg = Debug|x86
		{52F1327C-E0DB-4096-AEC6-FDF2B5F46176}.Debug|Mixed Platforms.Build.0 = Debug|x86
		{52F1327C-E0DB-4096-AEC6-FDF2B5F46176}.Debug|x86.ActiveCfg = Debug|x86
		{52F1327C-E0DB-4096-AEC6-FDF2B5F46176}.Debug|x86.Build.0 = Debug|x86
		{52F1327C-E0DB-4096-AEC6-FDF2B5F46176}.DebugSnk|Any CPU.ActiveCfg = Debug|x86
		{52F1327C-E0DB-4096-AEC6-FDF2B5F46176}.DebugSnk|Mixed Platforms.ActiveCfg = Debug|x86
		{52F1327C-E0DB-4096-AEC6-FDF2B5F46176}.DebugSnk|Mixed Platforms.Build.0 = Debug|x86
		{52F1327C-E0DB-4096-AEC6-FDF2B5F46176}.DebugSnk|x86.ActiveCfg = Debug|x86
		{52F1327C-E0DB-4096-AEC6-FDF2B5F46176}.DebugSnk|x86.Build.0 = Debug|x86
		{52F1327C-E0DB-4096-AEC6-FDF2B5F46176}.Release|Any CPU.ActiveCfg = Release|x86
		{52F1327C-E0DB-4096-AEC6-FDF2B5F46176}.Release|Mixed Platforms.ActiveCfg = Release|x86
		{52F1327C-E0DB-4096-AEC6-FDF2B5F46176}.Release|Mixed Platforms.Build.0 = Release|x86
		{52F1327C-E0DB-4096-AEC6-FDF2B5F46176}.Release|x86.ActiveCfg = Release|x86
		{52F1327C-E0DB-4096-AEC6-FDF2B5F46176}.Release|x86.Build.0 = Release|x86
		{52F1327C-E0DB-4096-AEC6-FDF2B5F46176}.ReleaseSnk|Any CPU.ActiveCfg = Release|x86
		{52F1327C-E0DB-4096-AEC6-FDF2B5F46176}.ReleaseSnk|Mixed Platforms.ActiveCfg = Release|x86
		{52F1327C-E0DB-4096-AEC6-FDF2B5F46176}.ReleaseSnk|Mixed Platforms.Build.0 = Release|x86
		{52F1327C-E0DB-4096-AEC6-FDF2B5F46176}.ReleaseSnk|x86.ActiveCfg = Release|x86
		{52F1327C-E0DB-4096-AEC6-FDF2B5F46176}.ReleaseSnk|x86.Build.0 = Release|x86
		{3A9951C7-1D20-440E-8E3E-81D6FC550A0A}.Debug|Any CPU.ActiveCfg = Debug|x86
		{3A9951C7-1D20-440E-8E3E-81D6FC550A0A}.Debug|Mixed Platforms.ActiveCfg = Debug|x86
		{3A9951C7-1D20-440E-8E3E-81D6FC550A0A}.Debug|Mixed Platforms.Build.0 = Debug|x86
		{3A9951C7-1D20-440E-8E3E-81D6FC550A0A}.Debug|x86.ActiveCfg = Debug|x86
		{3A9951C7-1D20-440E-8E3E-81D6FC550A0A}.Debug|x86.Build.0 = Debug|x86
		{3A9951C7-1D20-440E-8E3E-81D6FC550A0A}.DebugSnk|Any CPU.ActiveCfg = Debug|x86
		{3A9951C7-1D20-440E-8E3E-81D6FC550A0A}.DebugSnk|Mixed Platforms.ActiveCfg = Debug|x86
		{3A9951C7-1D20-440E-8E3E-81D6FC550A0A}.DebugSnk|Mixed Platforms.Build.0 = Debug|x86
		{3A9951C7-1D20-440E-8E3E-81D6FC550A0A}.DebugSnk|x86.ActiveCfg = Debug|x86
		{3A9951C7-1D20-440E-8E3E-81D6FC550A0A}.DebugSnk|x86.Build.0 = Debug|x86
		{3A9951C7-1D20-440E-8E3E-81D6FC550A0A}.Release|Any CPU.ActiveCfg = Release|x86
		{3A9951C7-1D20-440E-8E3E-81D6FC550A0A}.Release|Mixed Platforms.ActiveCfg = Release|x86
		{3A9951C7-1D20-440E-8E3E-81D6FC550A0A}.Release|Mixed Platforms.Build.0 = Release|x86
		{3A9951C7-1D20-440E-8E3E-81D6FC550A0A}.Release|x86.ActiveCfg = Release|x86
		{3A9951C7-1D20-440E-8E3E-81D6FC550A0A}.Release|x86.Build.0 = Release|x86
		{3A9951C7-1D20-440E-8E3E-81D6FC550A0A}.ReleaseSnk|Any CPU.ActiveCfg = Release|x86
		{3A9951C7-1D20-440E-8E3E-81D6FC550A0A}.ReleaseSnk|Mixed Platforms.ActiveCfg = Release|x86
		{3A9951C7-1D20-440E-8E3E-81D6FC550A0A}.ReleaseSnk|Mixed Platforms.Build.0 = Release|x86
		{3A9951C7-1D20-440E-8E3E-81D6FC550A0A}.ReleaseSnk|x86.ActiveCfg = Release|x86
		{3A9951C7-1D20-440E-8E3E-81D6FC550A0A}.ReleaseSnk|x86.Build.0 = Release|x86
		{EE80B127-634F-4105-852D-46375A87CFC1}.Debug|Any CPU.ActiveCfg = Debug|x86
		{EE80B127-634F-4105-852D-46375A87CFC1}.Debug|Mixed Platforms.ActiveCfg = Debug|x86
		{EE80B127-634F-4105-852D-46375A87CFC1}.Debug|Mixed Platforms.Build.0 = Debug|x86
		{EE80B127-634F-4105-852D-46375A87CFC1}.Debug|x86.ActiveCfg = Debug|x86
		{EE80B127-634F-4105-852D-46375A87CFC1}.Debug|x86.Build.0 = Debug|x86
		{EE80B127-634F-4105-852D-46375A87CFC1}.DebugSnk|Any CPU.ActiveCfg = Debug|x86
		{EE80B127-634F-4105-852D-46375A87CFC1}.DebugSnk|Mixed Platforms.ActiveCfg = Debug|x86
		{EE80B127-634F-4105-852D-46375A87CFC1}.DebugSnk|Mixed Platforms.Build.0 = Debug|x86
		{EE80B127-634F-4105-852D-46375A87CFC1}.DebugSnk|x86.ActiveCfg = Debug|x86
		{EE80B127-634F-4105-852D-46375A87CFC1}.DebugSnk|x86.Build.0 = Debug|x86
		{EE80B127-634F-4105-852D-46375A87CFC1}.Release|Any CPU.ActiveCfg = Release|x86
		{EE80B127-634F-4105-852D-46375A87CFC1}.Release|Mixed Platforms.ActiveCfg = Release|x86
		{EE80B127-634F-4105-852D-46375A87CFC1}.Release|Mixed Platforms.Build.0 = Release|x86
		{EE80B127-634F-4105-852D-46375A87CFC1}.Release|x86.ActiveCfg = Release|x86
		{EE80B127-634F-4105-852D-46375A87CFC1}.Release|x86.Build.0 = Release|x86
		{EE80B127-634F-4105-852D-46375A87CFC1}.ReleaseSnk|Any CPU.ActiveCfg = Release|x86
		{EE80B127-634F-4105-852D-46375A87CFC1}.ReleaseSnk|Mixed Platforms.ActiveCfg = Release|x86
		{EE80B127-634F-4105-852D-46375A87CFC1}.ReleaseSnk|Mixed Platforms.Build.0 = Release|x86
		{EE80B127-634F-4105-852D-46375A87CFC1}.ReleaseSnk|x86.ActiveCfg = Release|x86
		{EE80B127-634F-4105-852D-46375A87CFC1}.ReleaseSnk|x86.Build.0 = Release|x86
		{68F3BF3F-86C1-4AFF-B914-1DD690A273CA}.Debug|Any CPU.ActiveCfg = Debug|x86
		{68F3BF3F-86C1-4AFF-B914-1DD690A273CA}.Debug|Mixed Platforms.ActiveCfg = Debug|x86
		{68F3BF3F-86C1-4AFF-B914-1DD690A273CA}.Debug|Mixed Platforms.Build.0 = Debug|x86
		{68F3BF3F-86C1-4AFF-B914-1DD690A273CA}.Debug|x86.ActiveCfg = Debug|x86
		{68F3BF3F-86C1-4AFF-B914-1DD690A273CA}.Debug|x86.Build.0 = Debug|x86
		{68F3BF3F-86C1-4AFF-B914-1DD690A273CA}.DebugSnk|Any CPU.ActiveCfg = Debug|x86
		{68F3BF3F-86C1-4AFF-B914-1DD690A273CA}.DebugSnk|Mixed Platforms.ActiveCfg = Debug|x86
		{68F3BF3F-86C1-4AFF-B914-1DD690A273CA}.DebugSnk|Mixed Platforms.Build.0 = Debug|x86
		{68F3BF3F-86C1-4AFF-B914-1DD690A273CA}.DebugSnk|x86.ActiveCfg = Debug|x86
		{68F3BF3F-86C1-4AFF-B914-1DD690A273CA}.DebugSnk|x86.Build.0 = Debug|x86
		{68F3BF3F-86C1-4AFF-B914-1DD690A273CA}.Release|Any CPU.ActiveCfg = Release|x86
		{68F3BF3F-86C1-4AFF-B914-1DD690A273CA}.Release|Mixed Platforms.ActiveCfg = Release|x86
		{68F3BF3F-86C1-4AFF-B914-1DD690A273CA}.Release|Mixed Platforms.Build.0 = Release|x86
		{68F3BF3F-86C1-4AFF-B914-1DD690A273CA}.Release|x86.ActiveCfg = Release|x86
		{68F3BF3F-86C1-4AFF-B914-1DD690A273CA}.Release|x86.Build.0 = Release|x86
		{68F3BF3F-86C1-4AFF-B914-1DD690A273CA}.ReleaseSnk|Any CPU.ActiveCfg = Release|x86
		{68F3BF3F-86C1-4AFF-B914-1DD690A273CA}.ReleaseSnk|Mixed Platforms.ActiveCfg = Release|x86
		{68F3BF3F-86C1-4AFF-B914-1DD690A273CA}.ReleaseSnk|Mixed Platforms.Build.0 = Release|x86
		{68F3BF3F-86C1-4AFF-B914-1DD690A273CA}.ReleaseSnk|x86.ActiveCfg = Release|x86
		{68F3BF3F-86C1-4AFF-B914-1DD690A273CA}.ReleaseSnk|x86.Build.0 = Release|x86
		{93C19D37-D5A4-41D0-8E10-F214B1F61213}.Debug|Any CPU.ActiveCfg = Debug|x86
		{93C19D37-D5A4-41D0-8E10-F214B1F61213}.Debug|Mixed Platforms.ActiveCfg = Debug|x86
		{93C19D37-D5A4-41D0-8E10-F214B1F61213}.Debug|Mixed Platforms.Build.0 = Debug|x86
		{93C19D37-D5A4-41D0-8E10-F214B1F61213}.Debug|x86.ActiveCfg = Debug|x86
		{93C19D37-D5A4-41D0-8E10-F214B1F61213}.Debug|x86.Build.0 = Debug|x86
		{93C19D37-D5A4-41D0-8E10-F214B1F61213}.DebugSnk|Any CPU.ActiveCfg = Debug|x86
		{93C19D37-D5A4-41D0-8E10-F214B1F61213}.DebugSnk|Mixed Platforms.ActiveCfg = Debug|x86
		{93C19D37-D5A4-41D0-8E10-F214B1F61213}.DebugSnk|Mixed Platforms.Build.0 = Debug|x86
		{93C19D37-D5A4-41D0-8E10-F214B1F61213}.DebugSnk|x86.ActiveCfg = Debug|x86
		{93C19D37-D5A4-41D0-8E10-F214B1F61213}.DebugSnk|x86.Build.0 = Debug|x86
		{93C19D37-D5A4-41D0-8E10-F214B1F61213}.Release|Any CPU.ActiveCfg = Release|x86
		{93C19D37-D5A4-41D0-8E10-F214B1F61213}.Release|Mixed Platforms.ActiveCfg = Release|x86
		{93C19D37-D5A4-41D0-8E10-F214B1F61213}.Release|Mixed Platforms.Build.0 = Release|x86
		{93C19D37-D5A4-41D0-8E10-F214B1F61213}.Release|x86.ActiveCfg = Release|x86
		{93C19D37-D5A4-41D0-8E10-F214B1F61213}.Release|x86.Build.0 = Release|x86
		{93C19D37-D5A4-41D0-8E10-F214B1F61213}.ReleaseSnk|Any CPU.ActiveCfg = Release|x86
		{93C19D37-D5A4-41D0-8E10-F214B1F61213}.ReleaseSnk|Mixed Platforms.ActiveCfg = Release|x86
		{93C19D37-D5A4-41D0-8E10-F214B1F61213}.ReleaseSnk|Mixed Platforms.Build.0 = Release|x86
		{93C19D37-D5A4-41D0-8E10-F214B1F61213}.ReleaseSnk|x86.ActiveCfg = Release|x86
		{93C19D37-D5A4-41D0-8E10-F214B1F61213}.ReleaseSnk|x86.Build.0 = Release|x86
	EndGlobalSection
	GlobalSection(SolutionProperties) = preSolution
		HideSolutionNode = FALSE
	EndGlobalSection
EndGlobal
