<?xml version="1.0" encoding="utf-8"?>
<Project ToolsVersion="4.0" xmlns="http://schemas.microsoft.com/developer/msbuild/2003">
  <ItemGroup>
    <Filter Include="Code">
      <UniqueIdentifier>{4FC737F1-C7A5-4376-A066-2A32D752A2FF}</UniqueIdentifier>
      <Extensions>cpp;c;cc;cxx;def;odl;idl;hpj;bat;asm;asmx</Extensions>
    </Filter>
    <Filter Include="Code\impl">
      <UniqueIdentifier>{c23e5553-76aa-41c1-b61a-30f0361f1fb6}</UniqueIdentifier>
    </Filter>
    <Filter Include="Code\impl\portable">
      <UniqueIdentifier>{6685ce8c-b556-43b0-97ca-c706227cecc5}</UniqueIdentifier>
    </Filter>
    <Filter Include="Code\portable">
      <UniqueIdentifier>{da17623a-f066-4a4d-a10e-565d104b3e90}</UniqueIdentifier>
    </Filter>
    <Filter Include="Code\interop">
      <UniqueIdentifier>{a62f121d-0880-4b11-afa7-1ec27882ea27}</UniqueIdentifier>
    </Filter>
  </ItemGroup>
  <ItemGroup>
    <ClCompile Include="..\..\src\impl\portable\portable_metadata_handler.cpp">
      <Filter>Code\impl\portable</Filter>
    </ClCompile>
    <ClCompile Include="..\..\src\impl\portable\portable_metadata_manager.cpp">
      <Filter>Code\impl\portable</Filter>
    </ClCompile>
    <ClCompile Include="..\..\src\impl\portable\portable_metadata_snapshot.cpp">
      <Filter>Code\impl\portable</Filter>
    </ClCompile>
    <ClCompile Include="..\..\src\impl\portable\portable_metadata_updater.cpp">
      <Filter>Code\impl\portable</Filter>
    </ClCompile>
    <ClCompile Include="..\..\src\impl\portable\portable_metadata_updater_impl.cpp">
      <Filter>Code\impl\portable</Filter>
    </ClCompile>
    <ClCompile Include="..\..\src\impl\portable\portable_reader_impl.cpp">
      <Filter>Code\impl\portable</Filter>
    </ClCompile>
    <ClCompile Include="..\..\src\impl\portable\portable_utils.cpp">
      <Filter>Code\impl\portable</Filter>
    </ClCompile>
    <ClCompile Include="..\..\src\impl\portable\portable_writer_impl.cpp">
      <Filter>Code\impl\portable</Filter>
    </ClCompile>
    <ClCompile Include="..\..\src\interop\interop_input_stream.cpp">
      <Filter>Code\interop</Filter>
    </ClCompile>
    <ClCompile Include="..\..\src\interop\interop_memory.cpp">
      <Filter>Code\interop</Filter>
    </ClCompile>
    <ClCompile Include="..\..\src\interop\interop_output_stream.cpp">
      <Filter>Code\interop</Filter>
    </ClCompile>
  </ItemGroup>
  <ItemGroup>
    <ClInclude Include="..\..\include\ignite\impl\portable\portable_common.h">
      <Filter>Code\impl\portable</Filter>
    </ClInclude>
    <ClInclude Include="..\..\include\ignite\impl\portable\portable_id_resolver.h">
      <Filter>Code\impl\portable</Filter>
    </ClInclude>
    <ClInclude Include="..\..\include\ignite\impl\portable\portable_metadata_handler.h">
      <Filter>Code\impl\portable</Filter>
    </ClInclude>
    <ClInclude Include="..\..\include\ignite\impl\portable\portable_metadata_manager.h">
      <Filter>Code\impl\portable</Filter>
    </ClInclude>
    <ClInclude Include="..\..\include\ignite\impl\portable\portable_metadata_snapshot.h">
      <Filter>Code\impl\portable</Filter>
    </ClInclude>
    <ClInclude Include="..\..\include\ignite\impl\portable\portable_metadata_updater.h">
      <Filter>Code\impl\portable</Filter>
    </ClInclude>
    <ClInclude Include="..\..\include\ignite\impl\portable\portable_metadata_updater_impl.h">
      <Filter>Code\impl\portable</Filter>
    </ClInclude>
    <ClInclude Include="..\..\include\ignite\impl\portable\portable_reader_impl.h">
      <Filter>Code\impl\portable</Filter>
    </ClInclude>
    <ClInclude Include="..\..\include\ignite\impl\portable\portable_utils.h">
      <Filter>Code\impl\portable</Filter>
    </ClInclude>
    <ClInclude Include="..\..\include\ignite\impl\portable\portable_writer_impl.h">
      <Filter>Code\impl\portable</Filter>
    </ClInclude>
    <ClInclude Include="..\..\include\ignite\portable\portable.h">
      <Filter>Code\portable</Filter>
    </ClInclude>
    <ClInclude Include="..\..\include\ignite\portable\portable_consts.h">
      <Filter>Code\portable</Filter>
    </ClInclude>
    <ClInclude Include="..\..\include\ignite\portable\portable_containers.h">
      <Filter>Code\portable</Filter>
    </ClInclude>
    <ClInclude Include="..\..\include\ignite\portable\portable_raw_reader.h">
      <Filter>Code\portable</Filter>
    </ClInclude>
    <ClInclude Include="..\..\include\ignite\portable\portable_raw_writer.h">
      <Filter>Code\portable</Filter>
    </ClInclude>
    <ClInclude Include="..\..\include\ignite\portable\portable_reader.h">
      <Filter>Code\portable</Filter>
    </ClInclude>
    <ClInclude Include="..\..\include\ignite\portable\portable_type.h">
      <Filter>Code\portable</Filter>
    </ClInclude>
    <ClInclude Include="..\..\include\ignite\portable\portable_writer.h">
      <Filter>Code\portable</Filter>
    </ClInclude>
    <ClInclude Include="..\..\include\ignite\interop\interop.h">
      <Filter>Code\interop</Filter>
    </ClInclude>
    <ClInclude Include="..\..\include\ignite\interop\interop_input_stream.h">
      <Filter>Code\interop</Filter>
    </ClInclude>
    <ClInclude Include="..\..\include\ignite\interop\interop_memory.h">
      <Filter>Code\interop</Filter>
    </ClInclude>
    <ClInclude Include="..\..\include\ignite\interop\interop_output_stream.h">
      <Filter>Code\interop</Filter>
    </ClInclude>
    <ClInclude Include="..\..\include\ignite\interop\interop_stream_position_guard.h">
      <Filter>Code\interop</Filter>
    </ClInclude>
  </ItemGroup>
</Project>