
Microsoft Visual Studio Solution File, Format Version 11.00
# Visual Studio 2010
Project("{FAE04EC0-301F-11D3-BF4B-00C04F79EFBC}") = "Apache.Ignite.Core.Tests.NuGet", "Apache.Ignite.Core.Tests.NuGet.csproj", "{134707F6-155D-47F6-9EB2-C67ABBF3C009}"
EndProject
Global
	GlobalSection(SolutionConfigurationPlatforms) = preSolution
		Debug|Any CPU = Debug|Any CPU
		Debug|x64 = Debug|x64
		Debug|x86 = Debug|x86
		Release|Any CPU = Release|Any CPU
		Release|x64 = Release|x64
		Release|x86 = Release|x86
	EndGlobalSection
	GlobalSection(ProjectConfigurationPlatforms) = postSolution
		{134707F6-155D-47F6-9EB2-C67ABBF3C009}.Debug|Any CPU.ActiveCfg = Debug|Any CPU
		{134707F6-155D-47F6-9EB2-C67ABBF3C009}.Debug|Any CPU.Build.0 = Debug|Any CPU
		{134707F6-155D-47F6-9EB2-C67ABBF3C009}.Debug|x64.ActiveCfg = Debug|x64
		{134707F6-155D-47F6-9EB2-C67ABBF3C009}.Debug|x64.Build.0 = Debug|x64
		{134707F6-155D-47F6-9EB2-C67ABBF3C009}.Debug|x86.ActiveCfg = Debug|x64
		{134707F6-155D-47F6-9EB2-C67ABBF3C009}.Debug|x86.Build.0 = Debug|x64
		{134707F6-155D-47F6-9EB2-C67ABBF3C009}.Release|Any CPU.ActiveCfg = Release|Any CPU
		{134707F6-155D-47F6-9EB2-C67ABBF3C009}.Release|Any CPU.Build.0 = Release|Any CPU
		{134707F6-155D-47F6-9EB2-C67ABBF3C009}.Release|x64.ActiveCfg = Release|x64
		{134707F6-155D-47F6-9EB2-C67ABBF3C009}.Release|x64.Build.0 = Release|x64
		{134707F6-155D-47F6-9EB2-C67ABBF3C009}.Release|x86.ActiveCfg = Release|x86
		{134707F6-155D-47F6-9EB2-C67ABBF3C009}.Release|x86.Build.0 = Release|x86
	EndGlobalSection
	GlobalSection(SolutionProperties) = preSolution
		HideSolutionNode = FALSE
	EndGlobalSection
EndGlobal
