<?xml version="1.0" encoding="utf-8"?>
<Project ToolsVersion="4.0" xmlns="http://schemas.microsoft.com/developer/msbuild/2003">
  <ItemGroup>
    <Filter Include="Misc">
      <UniqueIdentifier>{1dbec2be-5cb4-4f70-aef6-b4627d39b99b}</UniqueIdentifier>
    </Filter>
    <Filter Include="Code">
      <UniqueIdentifier>{93995380-89BD-4b04-88EB-625FBE52EBFB}</UniqueIdentifier>
      <Extensions>h;hh;hpp;hxx;hm;inl;inc;xsd</Extensions>
    </Filter>
    <Filter Include="Code\common">
      <UniqueIdentifier>{9d664b8a-3a09-460b-9d53-c1a7f08217c0}</UniqueIdentifier>
    </Filter>
  </ItemGroup>
  <ItemGroup>
    <ClInclude Include="targetver.h">
      <Filter>Misc</Filter>
    </ClInclude>
    <ClInclude Include="..\..\os\win\include\ignite\common\common.h">
      <Filter>Code\common</Filter>
    </ClInclude>
    <ClInclude Include="..\..\include\ignite\common\concurrent.h">
      <Filter>Code\common</Filter>
    </ClInclude>
    <ClInclude Include="..\..\include\ignite\common\utils.h">
      <Filter>Code\common</Filter>
    </ClInclude>
    <ClInclude Include="..\..\os\win\include\ignite\common\concurrent_os.h">
      <Filter>Code\common</Filter>
    </ClInclude>
    <ClInclude Include="..\..\include\ignite\date.h">
      <Filter>Code</Filter>
    </ClInclude>
    <ClInclude Include="..\..\include\ignite\guid.h">
      <Filter>Code</Filter>
    </ClInclude>
    <ClInclude Include="..\..\include\ignite\timestamp.h">
      <Filter>Code</Filter>
    </ClInclude>
    <ClInclude Include="..\..\include\ignite\ignite_error.h">
      <Filter>Code</Filter>
    </ClInclude>
    <ClInclude Include="..\..\include\ignite\common\fixed_size_array.h">
      <Filter>Code\common</Filter>
    </ClInclude>
    <ClInclude Include="..\..\include\ignite\common\big_integer.h">
      <Filter>Code\common</Filter>
    </ClInclude>
    <ClInclude Include="..\..\include\ignite\common\dynamic_size_array.h">
      <Filter>Code\common</Filter>
    </ClInclude>
    <ClInclude Include="..\..\include\ignite\common\default_allocator.h">
      <Filter>Code\common</Filter>
    </ClInclude>
    <ClInclude Include="..\..\include\ignite\common\bits.h">
      <Filter>Code\common</Filter>
    </ClInclude>
    <ClInclude Include="..\..\include\ignite\common\decimal.h">
      <Filter>Code\common</Filter>
    </ClInclude>
    <ClInclude Include="..\..\include\ignite\common\reference_impl.h">
      <Filter>Code\common</Filter>
    </ClInclude>
    <ClInclude Include="..\..\include\ignite\reference.h">
      <Filter>Code</Filter>
    </ClInclude>
    <ClInclude Include="..\..\include\ignite\common\platform_utils.h">
      <Filter>Code\common</Filter>
    </ClInclude>
  </ItemGroup>
  <ItemGroup>
    <ClCompile Include="..\..\src\date.cpp">
      <Filter>Code</Filter>
    </ClCompile>
    <ClCompile Include="..\..\src\guid.cpp">
      <Filter>Code</Filter>
    </ClCompile>
    <ClCompile Include="..\..\src\timestamp.cpp">
      <Filter>Code</Filter>
    </ClCompile>
    <ClCompile Include="..\..\os\win\src\common\concurrent_os.cpp">
      <Filter>Code\common</Filter>
    </ClCompile>
    <ClCompile Include="..\..\src\common\concurrent.cpp">
      <Filter>Code\common</Filter>
    </ClCompile>
    <ClCompile Include="..\..\src\ignite_error.cpp">
      <Filter>Code</Filter>
    </ClCompile>
    <ClCompile Include="..\..\src\common\big_integer.cpp">
      <Filter>Code\common</Filter>
    </ClCompile>
    <ClCompile Include="..\..\src\common\decimal.cpp">
      <Filter>Code\common</Filter>
    </ClCompile>
    <ClCompile Include="..\..\src\common\bits.cpp">
      <Filter>Code\common</Filter>
    </ClCompile>
    <ClCompile Include="..\..\os\win\src\common\platform_utils.cpp">
      <Filter>Code\common</Filter>
    </ClCompile>
    <ClCompile Include="..\..\src\common\utils.cpp">
      <Filter>Code\common</Filter>
    </ClCompile>
  </ItemGroup>
</Project>