<?xml version="1.0" encoding="utf-8"?>
<Project ToolsVersion="4.0" xmlns="http://schemas.microsoft.com/developer/msbuild/2003">
  <ItemGroup>
    <Filter Include="Misc">
      <UniqueIdentifier>{1dbec2be-5cb4-4f70-aef6-b4627d39b99b}</UniqueIdentifier>
    </Filter>
    <Filter Include="Code">
      <UniqueIdentifier>{93995380-89BD-4b04-88EB-625FBE52EBFB}</UniqueIdentifier>
      <Extensions>h;hh;hpp;hxx;hm;inl;inc;xsd</Extensions>
    </Filter>
  </ItemGroup>
  <ItemGroup>
    <ClInclude Include="..\..\os\win\include\ignite\common\common.h">
      <Filter>Code</Filter>
    </ClInclude>
    <ClInclude Include="..\..\os\win\include\ignite\common\concurrent_os.h">
      <Filter>Code</Filter>
    </ClInclude>
    <ClInclude Include="..\..\include\ignite\common\exports.h">
      <Filter>Code</Filter>
    </ClInclude>
    <ClInclude Include="..\..\include\ignite\common\java.h">
      <Filter>Code</Filter>
    </ClInclude>
    <ClInclude Include="..\..\include\ignite\common\concurrent.h">
      <Filter>Code</Filter>
    </ClInclude>
    <ClInclude Include="targetver.h">
      <Filter>Misc</Filter>
    </ClInclude>
  </ItemGroup>
  <ItemGroup>
    <ClCompile Include="..\..\os\win\src\common.cpp">
      <Filter>Code</Filter>
    </ClCompile>
    <ClCompile Include="..\..\src\concurrent.cpp">
      <Filter>Code</Filter>
    </ClCompile>
    <ClCompile Include="..\..\os\win\src\concurrent_os.cpp">
      <Filter>Code</Filter>
    </ClCompile>
    <ClCompile Include="..\..\src\exports.cpp">
      <Filter>Code</Filter>
    </ClCompile>
    <ClCompile Include="..\..\src\java.cpp">
      <Filter>Code</Filter>
    </ClCompile>
  </ItemGroup>
  <ItemGroup>
    <None Include="module.def">
      <Filter>Misc</Filter>
    </None>
  </ItemGroup>
</Project>