<?xml version="1.0" encoding="utf-8"?>
<Project ToolsVersion="4.0" xmlns="http://schemas.microsoft.com/developer/msbuild/2003">
  <ItemGroup>
    <Filter Include="Code">
      <UniqueIdentifier>{4FC737F1-C7A5-4376-A066-2A32D752A2FF}</UniqueIdentifier>
      <Extensions>cpp;c;cc;cxx;def;odl;idl;hpj;bat;asm;asmx</Extensions>
    </Filter>
    <Filter Include="Misc">
      <UniqueIdentifier>{3f714d15-6347-46a7-bc59-d87c1aea900c}</UniqueIdentifier>
    </Filter>
  </ItemGroup>
  <ItemGroup>
    <ClCompile Include="..\..\src\odbc.cpp">
      <Filter>Code</Filter>
    </ClCompile>
    <ClCompile Include="..\..\os\win\socket_client.cpp">
      <Filter>Code</Filter>
    </ClCompile>
    <ClCompile Include="..\..\src\connection.cpp">
      <Filter>Code</Filter>
    </ClCompile>
    <ClCompile Include="..\..\src\environment.cpp">
      <Filter>Code</Filter>
    </ClCompile>
    <ClCompile Include="..\..\src\configuration.cpp">
      <Filter>Code</Filter>
    </ClCompile>
  </ItemGroup>
  <ItemGroup>
    <None Include="module.def">
      <Filter>Misc</Filter>
    </None>
  </ItemGroup>
  <ItemGroup>
    <ClInclude Include="..\..\os\win\socket_client.h">
      <Filter>Code</Filter>
    </ClInclude>
    <ClInclude Include="..\..\src\connection.h">
      <Filter>Code</Filter>
    </ClInclude>
    <ClInclude Include="..\..\src\environment.h">
      <Filter>Code</Filter>
    </ClInclude>
    <ClInclude Include="..\..\src\configuration.h">
      <Filter>Code</Filter>
    </ClInclude>
    <ClInclude Include="..\..\src\utility.h">
      <Filter>Code</Filter>
    </ClInclude>
  </ItemGroup>
</Project>