
Microsoft Visual Studio Solution File, Format Version 12.00
# Visual Studio 15
VisualStudioVersion = 15.0.27130.2010
MinimumVisualStudioVersion = 10.0.40219.1
Project("{9A19103F-16F7-4668-BE54-9A1E7A4F7556}") = "Apache.Ignite.Core.DotNetCore", "Apache.Ignite.Core\Apache.Ignite.Core.DotNetCore.csproj", "{318E7E44-17E5-49E4-B305-1915221FD947}"
EndProject
Project("{9A19103F-16F7-4668-BE54-9A1E7A4F7556}") = "Apache.Ignite.Linq.DotNetCore", "Apache.Ignite.Linq\Apache.Ignite.Linq.DotNetCore.csproj", "{5ED9F0FA-C371-49B5-AB5B-C4038F83E2DB}"
EndProject
Project("{9A19103F-16F7-4668-BE54-9A1E7A4F7556}") = "Apache.Ignite.Core.Tests.DotNetCore", "Apache.Ignite.Core.Tests.DotNetCore\Apache.Ignite.Core.Tests.DotNetCore.csproj", "{700215D4-60E8-4DB2-923F-D4F4D95CBD95}"
EndProject
Project("{FAE04EC0-301F-11D3-BF4B-00C04F79EFBC}") = "Apache.Ignite.DotNetCore", "Apache.Ignite\Apache.Ignite.DotNetCore.csproj", "{A28AA3F7-BA2B-49C2-B5DA-02707D4470B1}"
EndProject
Project("{FAE04EC0-301F-11D3-BF4B-00C04F79EFBC}") = "Apache.Ignite.Benchmarks.DotNetCore", "Apache.Ignite.Benchmarks\Apache.Ignite.Benchmarks.DotNetCore.csproj", "{4344AEB8-6772-4625-9445-2C4A224B7716}"
EndProject
Project("{FAE04EC0-301F-11D3-BF4B-00C04F79EFBC}") = "Apache.Ignite.BenchmarkDotNet", "Apache.Ignite.BenchmarkDotNet\Apache.Ignite.BenchmarkDotNet.csproj", "{4ACD0487-0774-4705-8245-8D4F36A2F963}"
EndProject
Global
	GlobalSection(SolutionConfigurationPlatforms) = preSolution
		Debug|Any CPU = Debug|Any CPU
		Release|Any CPU = Release|Any CPU
	EndGlobalSection
	GlobalSection(ProjectConfigurationPlatforms) = postSolution
		{318E7E44-17E5-49E4-B305-1915221FD947}.Debug|Any CPU.ActiveCfg = Debug|Any CPU
		{318E7E44-17E5-49E4-B305-1915221FD947}.Debug|Any CPU.Build.0 = Debug|Any CPU
		{318E7E44-17E5-49E4-B305-1915221FD947}.Release|Any CPU.ActiveCfg = Release|Any CPU
		{318E7E44-17E5-49E4-B305-1915221FD947}.Release|Any CPU.Build.0 = Release|Any CPU
		{5ED9F0FA-C371-49B5-AB5B-C4038F83E2DB}.Debug|Any CPU.ActiveCfg = Debug|Any CPU
		{5ED9F0FA-C371-49B5-AB5B-C4038F83E2DB}.Debug|Any CPU.Build.0 = Debug|Any CPU
		{5ED9F0FA-C371-49B5-AB5B-C4038F83E2DB}.Release|Any CPU.ActiveCfg = Release|Any CPU
		{5ED9F0FA-C371-49B5-AB5B-C4038F83E2DB}.Release|Any CPU.Build.0 = Release|Any CPU
		{700215D4-60E8-4DB2-923F-D4F4D95CBD95}.Debug|Any CPU.ActiveCfg = Debug|Any CPU
		{700215D4-60E8-4DB2-923F-D4F4D95CBD95}.Debug|Any CPU.Build.0 = Debug|Any CPU
		{700215D4-60E8-4DB2-923F-D4F4D95CBD95}.Release|Any CPU.ActiveCfg = Release|Any CPU
		{700215D4-60E8-4DB2-923F-D4F4D95CBD95}.Release|Any CPU.Build.0 = Release|Any CPU
		{A28AA3F7-BA2B-49C2-B5DA-02707D4470B1}.Debug|Any CPU.ActiveCfg = Debug|Any CPU
		{A28AA3F7-BA2B-49C2-B5DA-02707D4470B1}.Debug|Any CPU.Build.0 = Debug|Any CPU
		{A28AA3F7-BA2B-49C2-B5DA-02707D4470B1}.Release|Any CPU.ActiveCfg = Release|Any CPU
		{A28AA3F7-BA2B-49C2-B5DA-02707D4470B1}.Release|Any CPU.Build.0 = Release|Any CPU
		{4344AEB8-6772-4625-9445-2C4A224B7716}.Debug|Any CPU.ActiveCfg = Debug|Any CPU
		{4344AEB8-6772-4625-9445-2C4A224B7716}.Debug|Any CPU.Build.0 = Debug|Any CPU
		{4344AEB8-6772-4625-9445-2C4A224B7716}.Release|Any CPU.ActiveCfg = Release|Any CPU
		{4344AEB8-6772-4625-9445-2C4A224B7716}.Release|Any CPU.Build.0 = Release|Any CPU
		{4ACD0487-0774-4705-8245-8D4F36A2F963}.Debug|Any CPU.ActiveCfg = Debug|Any CPU
		{4ACD0487-0774-4705-8245-8D4F36A2F963}.Debug|Any CPU.Build.0 = Debug|Any CPU
		{4ACD0487-0774-4705-8245-8D4F36A2F963}.Release|Any CPU.ActiveCfg = Release|Any CPU
		{4ACD0487-0774-4705-8245-8D4F36A2F963}.Release|Any CPU.Build.0 = Release|Any CPU
	EndGlobalSection
	GlobalSection(SolutionProperties) = preSolution
		HideSolutionNode = FALSE
	EndGlobalSection
	GlobalSection(ExtensibilityGlobals) = postSolution
		SolutionGuid = {A743624F-03A2-4BA8-BA45-06286F337E6F}
	EndGlobalSection
EndGlobal
