
Microsoft Visual Studio Solution File, Format Version 12.00
# Visual Studio 15
VisualStudioVersion = 15.0.27130.2010
MinimumVisualStudioVersion = 10.0.40219.1
Project("{9A19103F-16F7-4668-BE54-9A1E7A4F7556}") = "Apache.Ignite.Core", "Apache.Ignite.Core\Apache.Ignite.Core.csproj", "{318E7E44-17E5-49E4-B305-1915221FD947}"
EndProject
Project("{FAE04EC0-301F-11D3-BF4B-00C04F79EFBC}") = "Apache.Ignite.NLog", "Apache.Ignite.NLog\Apache.Ignite.NLog.csproj", "{C6B58E4A-A2E9-4554-AD02-68CE6DA5CFB7}"
EndProject
Project("{FAE04EC0-301F-11D3-BF4B-00C04F79EFBC}") = "Apache.Ignite.AspNet", "Apache.Ignite.AspNet\Apache.Ignite.AspNet.csproj", "{13EA96FC-CC83-4164-A7C0-4F30ED797460}"
EndProject
Project("{FAE04EC0-301F-11D3-BF4B-00C04F79EFBC}") = "Apache.Ignite.Core.Tests", "Apache.Ignite.Core.Tests\Apache.Ignite.Core.Tests.csproj", "{6A62F66C-DA5B-4FBB-8CE7-A95F740FDC7A}"
EndProject
Project("{FAE04EC0-301F-11D3-BF4B-00C04F79EFBC}") = "Apache.Ignite", "Apache.Ignite\Apache.Ignite.csproj", "{27F7F3C6-BDDE-43A9-B565-856F8395A04B}"
EndProject
Project("{FAE04EC0-301F-11D3-BF4B-00C04F79EFBC}") = "Apache.Ignite.Log4Net", "Apache.Ignite.Log4Net\Apache.Ignite.Log4Net.csproj", "{6F82D669-382E-4435-8092-68C4440146D8}"
EndProject
Project("{FAE04EC0-301F-11D3-BF4B-00C04F79EFBC}") = "Apache.Ignite.Core.Tests.TestDll", "Apache.Ignite.Core.Tests.TestDll\Apache.Ignite.Core.Tests.TestDll.csproj", "{F4A69E2D-908E-4F0F-A794-84D508D60E5F}"
EndProject
Project("{FAE04EC0-301F-11D3-BF4B-00C04F79EFBC}") = "Apache.Ignite.Core.Tests.TestDll2", "Apache.Ignite.Core.Tests.TestDll2\Apache.Ignite.Core.Tests.TestDll2.csproj", "{4D8DDA6D-4616-4DF1-A2DA-22FB3A5EC817}"
EndProject
Project("{FAE04EC0-301F-11D3-BF4B-00C04F79EFBC}") = "Apache.Ignite.AspNet.Tests", "Apache.Ignite.AspNet.Tests\Apache.Ignite.AspNet.Tests.csproj", "{18EA4C71-A11D-4AB1-8042-418F7559D84F}"
EndProject
Project("{FAE04EC0-301F-11D3-BF4B-00C04F79EFBC}") = "Apache.Ignite.EntityFramework", "Apache.Ignite.EntityFramework\Apache.Ignite.EntityFramework.csproj", "{C558518A-C1A0-4224-AAA9-A8688474B4DC}"
EndProject
Project("{FAE04EC0-301F-11D3-BF4B-00C04F79EFBC}") = "Apache.Ignite.EntityFramework.Tests", "Apache.Ignite.EntityFramework.Tests\Apache.Ignite.EntityFramework.Tests.csproj", "{CDA5700E-78F3-4A9E-A9B0-704CBE94651C}"
EndProject
Project("{FAE04EC0-301F-11D3-BF4B-00C04F79EFBC}") = "Apache.Ignite.Linq", "Apache.Ignite.Linq\Apache.Ignite.Linq.csproj", "{F42FB1B0-1368-424A-8954-F3C70ADB80F8}"
EndProject
Project("{2150E333-8FDC-42A3-9474-1A3956D46DE8}") = "Solution Items", "Solution Items", "{468E2AC0-FBB7-4048-98B4-BAA8E6478574}"
ProjectSection(SolutionItems) = preProject
	Apache.Ignite.ruleset = Apache.Ignite.ruleset
	Apache.Ignite.Tests.ruleset = Apache.Ignite.Tests.ruleset
	build.bat = build.bat
	build.ps1 = build.ps1
	build.sh = build.sh
	DEVNOTES.txt = DEVNOTES.txt
	README.md = README.md
	Directory.Build.props = Directory.Build.props
	logo_ignite_128x128.png = logo_ignite_128x128.png
	SharedAssemblyInfo.cs = SharedAssemblyInfo.cs
EndProjectSection
EndProject
Project("{FAE04EC0-301F-11D3-BF4B-00C04F79EFBC}") = "Apache.Ignite.Benchmarks", "Apache.Ignite.Benchmarks\Apache.Ignite.Benchmarks.csproj", "{8F507DBE-56F9-437F-82D4-74C02EC44E41}"
EndProject
Project("{FAE04EC0-301F-11D3-BF4B-00C04F79EFBC}") = "Apache.Ignite.Schema", "Apache.Ignite.Schema\Apache.Ignite.Schema.csproj", "{C408E540-2081-4939-96E1-B70ED5C0E031}"
EndProject
Global
	GlobalSection(SolutionConfigurationPlatforms) = preSolution
		Debug|Any CPU = Debug|Any CPU
		Release|Any CPU = Release|Any CPU
	EndGlobalSection
	GlobalSection(ProjectConfigurationPlatforms) = postSolution
		{318E7E44-17E5-49E4-B305-1915221FD947}.Debug|Any CPU.ActiveCfg = Debug|Any CPU
		{318E7E44-17E5-49E4-B305-1915221FD947}.Debug|Any CPU.Build.0 = Debug|Any CPU
		{318E7E44-17E5-49E4-B305-1915221FD947}.Release|Any CPU.ActiveCfg = Release|Any CPU
		{318E7E44-17E5-49E4-B305-1915221FD947}.Release|Any CPU.Build.0 = Release|Any CPU
		{C6B58E4A-A2E9-4554-AD02-68CE6DA5CFB7}.Debug|Any CPU.ActiveCfg = Debug|Any CPU
		{C6B58E4A-A2E9-4554-AD02-68CE6DA5CFB7}.Debug|Any CPU.Build.0 = Debug|Any CPU
		{C6B58E4A-A2E9-4554-AD02-68CE6DA5CFB7}.Release|Any CPU.ActiveCfg = Release|Any CPU
		{C6B58E4A-A2E9-4554-AD02-68CE6DA5CFB7}.Release|Any CPU.Build.0 = Release|Any CPU
		{13EA96FC-CC83-4164-A7C0-4F30ED797460}.Debug|Any CPU.ActiveCfg = Debug|Any CPU
		{13EA96FC-CC83-4164-A7C0-4F30ED797460}.Debug|Any CPU.Build.0 = Debug|Any CPU
		{13EA96FC-CC83-4164-A7C0-4F30ED797460}.Release|Any CPU.ActiveCfg = Release|Any CPU
		{13EA96FC-CC83-4164-A7C0-4F30ED797460}.Release|Any CPU.Build.0 = Release|Any CPU
		{6A62F66C-DA5B-4FBB-8CE7-A95F740FDC7A}.Debug|Any CPU.ActiveCfg = Debug|Any CPU
		{6A62F66C-DA5B-4FBB-8CE7-A95F740FDC7A}.Debug|Any CPU.Build.0 = Debug|Any CPU
		{6A62F66C-DA5B-4FBB-8CE7-A95F740FDC7A}.Release|Any CPU.ActiveCfg = Release|Any CPU
		{6A62F66C-DA5B-4FBB-8CE7-A95F740FDC7A}.Release|Any CPU.Build.0 = Release|Any CPU
		{27F7F3C6-BDDE-43A9-B565-856F8395A04B}.Debug|Any CPU.ActiveCfg = Debug|Any CPU
		{27F7F3C6-BDDE-43A9-B565-856F8395A04B}.Debug|Any CPU.Build.0 = Debug|Any CPU
		{27F7F3C6-BDDE-43A9-B565-856F8395A04B}.Release|Any CPU.ActiveCfg = Release|Any CPU
		{27F7F3C6-BDDE-43A9-B565-856F8395A04B}.Release|Any CPU.Build.0 = Release|Any CPU
		{6F82D669-382E-4435-8092-68C4440146D8}.Debug|Any CPU.ActiveCfg = Debug|Any CPU
		{6F82D669-382E-4435-8092-68C4440146D8}.Debug|Any CPU.Build.0 = Debug|Any CPU
		{6F82D669-382E-4435-8092-68C4440146D8}.Release|Any CPU.ActiveCfg = Release|Any CPU
		{6F82D669-382E-4435-8092-68C4440146D8}.Release|Any CPU.Build.0 = Release|Any CPU
		{F4A69E2D-908E-4F0F-A794-84D508D60E5F}.Debug|Any CPU.ActiveCfg = Debug|Any CPU
		{F4A69E2D-908E-4F0F-A794-84D508D60E5F}.Debug|Any CPU.Build.0 = Debug|Any CPU
		{F4A69E2D-908E-4F0F-A794-84D508D60E5F}.Release|Any CPU.ActiveCfg = Release|Any CPU
		{F4A69E2D-908E-4F0F-A794-84D508D60E5F}.Release|Any CPU.Build.0 = Release|Any CPU
		{4D8DDA6D-4616-4DF1-A2DA-22FB3A5EC817}.Debug|Any CPU.ActiveCfg = Debug|Any CPU
		{4D8DDA6D-4616-4DF1-A2DA-22FB3A5EC817}.Debug|Any CPU.Build.0 = Debug|Any CPU
		{4D8DDA6D-4616-4DF1-A2DA-22FB3A5EC817}.Release|Any CPU.ActiveCfg = Release|Any CPU
		{4D8DDA6D-4616-4DF1-A2DA-22FB3A5EC817}.Release|Any CPU.Build.0 = Release|Any CPU
		{18EA4C71-A11D-4AB1-8042-418F7559D84F}.Debug|Any CPU.ActiveCfg = Debug|Any CPU
		{18EA4C71-A11D-4AB1-8042-418F7559D84F}.Debug|Any CPU.Build.0 = Debug|Any CPU
		{18EA4C71-A11D-4AB1-8042-418F7559D84F}.Release|Any CPU.ActiveCfg = Release|Any CPU
		{18EA4C71-A11D-4AB1-8042-418F7559D84F}.Release|Any CPU.Build.0 = Release|Any CPU
		{C558518A-C1A0-4224-AAA9-A8688474B4DC}.Debug|Any CPU.ActiveCfg = Debug|Any CPU
		{C558518A-C1A0-4224-AAA9-A8688474B4DC}.Debug|Any CPU.Build.0 = Debug|Any CPU
		{C558518A-C1A0-4224-AAA9-A8688474B4DC}.Release|Any CPU.ActiveCfg = Release|Any CPU
		{C558518A-C1A0-4224-AAA9-A8688474B4DC}.Release|Any CPU.Build.0 = Release|Any CPU
		{CDA5700E-78F3-4A9E-A9B0-704CBE94651C}.Debug|Any CPU.ActiveCfg = Debug|Any CPU
		{CDA5700E-78F3-4A9E-A9B0-704CBE94651C}.Debug|Any CPU.Build.0 = Debug|Any CPU
		{CDA5700E-78F3-4A9E-A9B0-704CBE94651C}.Release|Any CPU.ActiveCfg = Release|Any CPU
		{CDA5700E-78F3-4A9E-A9B0-704CBE94651C}.Release|Any CPU.Build.0 = Release|Any CPU
		{F42FB1B0-1368-424A-8954-F3C70ADB80F8}.Debug|Any CPU.ActiveCfg = Debug|Any CPU
		{F42FB1B0-1368-424A-8954-F3C70ADB80F8}.Debug|Any CPU.Build.0 = Debug|Any CPU
		{F42FB1B0-1368-424A-8954-F3C70ADB80F8}.Release|Any CPU.ActiveCfg = Release|Any CPU
		{F42FB1B0-1368-424A-8954-F3C70ADB80F8}.Release|Any CPU.Build.0 = Release|Any CPU
		{8F507DBE-56F9-437F-82D4-74C02EC44E41}.Debug|Any CPU.ActiveCfg = Debug|Any CPU
		{8F507DBE-56F9-437F-82D4-74C02EC44E41}.Debug|Any CPU.Build.0 = Debug|Any CPU
		{8F507DBE-56F9-437F-82D4-74C02EC44E41}.Release|Any CPU.ActiveCfg = Release|Any CPU
		{8F507DBE-56F9-437F-82D4-74C02EC44E41}.Release|Any CPU.Build.0 = Release|Any CPU
		{C408E540-2081-4939-96E1-B70ED5C0E031}.Debug|Any CPU.ActiveCfg = Debug|Any CPU
		{C408E540-2081-4939-96E1-B70ED5C0E031}.Debug|Any CPU.Build.0 = Debug|Any CPU
		{C408E540-2081-4939-96E1-B70ED5C0E031}.Release|Any CPU.ActiveCfg = Release|Any CPU
		{C408E540-2081-4939-96E1-B70ED5C0E031}.Release|Any CPU.Build.0 = Release|Any CPU
	EndGlobalSection
	GlobalSection(SolutionProperties) = preSolution
		HideSolutionNode = FALSE
	EndGlobalSection
	GlobalSection(ExtensibilityGlobals) = postSolution
		SolutionGuid = {A743624F-03A2-4BA8-BA45-06286F337E6F}
	EndGlobalSection
EndGlobal
