
Microsoft Visual Studio Solution File, Format Version 12.00
# Visual Studio 15
VisualStudioVersion = 15.0.26124.0
MinimumVisualStudioVersion = 15.0.26124.0
Project("{2150E333-8FDC-42A3-9474-1A3956D46DE8}") = "Thin", "Thin", "{886F8F3F-C769-49C0-8BED-AA20B7B43A5D}"
EndProject
Project("{2150E333-8FDC-42A3-9474-1A3956D46DE8}") = "Cache", "Cache", "{065AC9B6-519D-488D-8C05-4CFAF47C0975}"
EndProject
Project("{FAE04EC0-301F-11D3-BF4B-00C04F79EFBC}") = "PutGetThin", "Thin\Cache\PutGetThin\PutGetThin.csproj", "{D40C6568-1803-4934-9AE4-F4B8E96EBA90}"
EndProject
Project("{FAE04EC0-301F-11D3-BF4B-00C04F79EFBC}") = "ServerNode", "ServerNode\ServerNode.csproj", "{D84AFE4B-C016-4082-983B-EE79D69C87FC}"
EndProject
Project("{FAE04EC0-301F-11D3-BF4B-00C04F79EFBC}") = "Shared", "Shared\Shared.csproj", "{4D4CB21E-49D9-4AFA-8321-EA1F00EB01F0}"
EndProject
Project("{2150E333-8FDC-42A3-9474-1A3956D46DE8}") = "Thick", "Thick", "{AEAD9D9F-2162-40F0-9380-4AA066192998}"
EndProject
Project("{2150E333-8FDC-42A3-9474-1A3956D46DE8}") = "Cache", "Cache", "{FD3102F2-CB16-4EDC-8C53-78CD34F43F5C}"
EndProject
Project("{FAE04EC0-301F-11D3-BF4B-00C04F79EFBC}") = "PutGet", "Thick\Cache\PutGet\PutGet.csproj", "{B395CABC-BF04-467E-80A0-6E7837688FFF}"
EndProject
Project("{FAE04EC0-301F-11D3-BF4B-00C04F79EFBC}") = "BinaryMode", "Thick\Cache\BinaryMode\BinaryMode.csproj", "{165F8B1C-97F3-4779-B2AD-035C6E53E085}"
EndProject
Project("{FAE04EC0-301F-11D3-BF4B-00C04F79EFBC}") = "BinaryModeThin", "Thin\Cache\BinaryModeThin\BinaryModeThin.csproj", "{9C4D6CCF-D959-43C1-9EDC-E6D5B4EC5356}"
EndProject
Project("{FAE04EC0-301F-11D3-BF4B-00C04F79EFBC}") = "QueryContinuous", "Thick\Cache\QueryContinuous\QueryContinuous.csproj", "{A030D742-2BD1-4A5C-8F5A-D0E872AE5946}"
EndProject
Project("{FAE04EC0-301F-11D3-BF4B-00C04F79EFBC}") = "QueryScan", "Thick\Cache\QueryScan\QueryScan.csproj", "{90C58F79-9136-4E1C-9CF6-80C0A58468DB}"
EndProject
Project("{FAE04EC0-301F-11D3-BF4B-00C04F79EFBC}") = "QueryFullText", "Thick\Cache\QueryFullText\QueryFullText.csproj", "{07086DCE-DE16-45A7-B04C-ED6B0737CE6B}"
EndProject
Project("{FAE04EC0-301F-11D3-BF4B-00C04F79EFBC}") = "EntryProcessor", "Thick\Cache\EntryProcessor\EntryProcessor.csproj", "{8460364F-0F95-4F76-AAF3-20BD120E95E1}"
EndProject
Project("{FAE04EC0-301F-11D3-BF4B-00C04F79EFBC}") = "MultiTieredCache", "Thick\Cache\MultiTieredCache\MultiTieredCache.csproj", "{54FFB523-A37C-4520-8FF8-9A8DEE8528BF}"
EndProject
Project("{FAE04EC0-301F-11D3-BF4B-00C04F79EFBC}") = "NearCache", "Thick\Cache\NearCache\NearCache.csproj", "{4DAFD379-D4DB-4FA4-BDF0-CDEEF2F40670}"
EndProject
Project("{FAE04EC0-301F-11D3-BF4B-00C04F79EFBC}") = "Store", "Thick\Cache\Store\Store.csproj", "{D1D24CD0-6EAF-48B7-99D4-8F993CC9ED3C}"
EndProject
Project("{FAE04EC0-301F-11D3-BF4B-00C04F79EFBC}") = "DataStreamer", "Thick\Cache\DataStreamer\DataStreamer.csproj", "{BC11EDEE-4684-4910-A2FB-1545153C918F}"
EndProject
Project("{FAE04EC0-301F-11D3-BF4B-00C04F79EFBC}") = "TransactionDeadlockDetection", "Thick\Cache\TransactionDeadlockDetection\TransactionDeadlockDetection.csproj", "{5900AA9F-1EE9-4BB4-ADCD-EFDB13F5B869}"
EndProject
Project("{FAE04EC0-301F-11D3-BF4B-00C04F79EFBC}") = "OptimisticTransaction", "Thick\Cache\OptimisticTransaction\OptimisticTransaction.csproj", "{1CF77DCF-2C6D-4E25-89C5-74EB32486A89}"
EndProject
Project("{FAE04EC0-301F-11D3-BF4B-00C04F79EFBC}") = "Transaction", "Thick\Cache\Transaction\Transaction.csproj", "{42C7D8FD-2AF1-4E49-9EDE-EBAE15E149C9}"
EndProject
Project("{FAE04EC0-301F-11D3-BF4B-00C04F79EFBC}") = "OptimisticTransactionThin", "Thin\Cache\OptimisticTransactionThin\OptimisticTransactionThin.csproj", "{3F8CF55E-4138-483D-ABBF-917E6095FB14}"
EndProject
Project("{FAE04EC0-301F-11D3-BF4B-00C04F79EFBC}") = "QueryContinuousThin", "Thin\Cache\QueryContinuousThin\QueryContinuousThin.csproj", "{85686C3E-0DD7-4CB7-98AD-B76C10B7C414}"
EndProject
Project("{FAE04EC0-301F-11D3-BF4B-00C04F79EFBC}") = "QueryScanThin", "Thin\Cache\QueryScanThin\QueryScanThin.csproj", "{43F04C6D-1022-4D29-8B37-8473FE06E62E}"
EndProject
Project("{FAE04EC0-301F-11D3-BF4B-00C04F79EFBC}") = "TransactionThin", "Thin\Cache\TransactionThin\TransactionThin.csproj", "{751FA84E-2689-4C09-838A-0CBC6F297249}"
EndProject
Project("{2150E333-8FDC-42A3-9474-1A3956D46DE8}") = "Compute", "Compute", "{476CF811-592F-44DA-9C86-6FB03F86862A}"
EndProject
Project("{FAE04EC0-301F-11D3-BF4B-00C04F79EFBC}") = "Func", "Thick\Compute\Func\Func.csproj", "{212BEA83-8F25-411D-AD69-314038A9DC9C}"
EndProject
Project("{FAE04EC0-301F-11D3-BF4B-00C04F79EFBC}") = "Task", "Thick\Compute\Task\Task.csproj", "{8CFFF7A2-464E-41B6-A35B-1E9A31C14DBF}"
EndProject
Project("{FAE04EC0-301F-11D3-BF4B-00C04F79EFBC}") = "PeerAssemblyLoading", "Thick\Compute\PeerAssemblyLoading\PeerAssemblyLoading.csproj", "{153E1917-3876-4BA3-89EA-A6D24844E64E}"
EndProject
Project("{2150E333-8FDC-42A3-9474-1A3956D46DE8}") = "DataStructures", "DataStructures", "{D556DEC3-E54F-4E85-990B-9A22638A8872}"
EndProject
Project("{FAE04EC0-301F-11D3-BF4B-00C04F79EFBC}") = "AtomicLong", "Thick\DataStructures\AtomicLong\AtomicLong.csproj", "{A92CD1D6-C53E-46FF-918C-3CD8A612B0FF}"
EndProject
Project("{FAE04EC0-301F-11D3-BF4B-00C04F79EFBC}") = "AtomicReference", "Thick\DataStructures\AtomicReference\AtomicReference.csproj", "{2544A001-8E77-4498-8192-A3FE224CC5AA}"
EndProject
Project("{FAE04EC0-301F-11D3-BF4B-00C04F79EFBC}") = "AtomicSequence", "Thick\DataStructures\AtomicSequence\AtomicSequence.csproj", "{B1486BF3-05E8-4445-9C39-D9064DD61B98}"
EndProject
Project("{2150E333-8FDC-42A3-9474-1A3956D46DE8}") = "Misc", "Misc", "{C4FAAB8B-3F85-4E58-B6ED-79CBD33142AE}"
EndProject
Project("{FAE04EC0-301F-11D3-BF4B-00C04F79EFBC}") = "Events", "Thick\Misc\Events\Events.csproj", "{6641EED9-6A71-4AA0-9F95-762040C2232E}"
EndProject
Project("{FAE04EC0-301F-11D3-BF4B-00C04F79EFBC}") = "Messaging", "Thick\Misc\Messaging\Messaging.csproj", "{484180F0-F859-4A03-853B-3B205173A0D7}"
EndProject
Project("{FAE04EC0-301F-11D3-BF4B-00C04F79EFBC}") = "ClientReconnect", "Thick\Misc\ClientReconnect\ClientReconnect.csproj", "{E5C6C42B-B085-4841-A7E6-CE9CE8B86399}"
EndProject
Project("{FAE04EC0-301F-11D3-BF4B-00C04F79EFBC}") = "Lifecycle", "Thick\Misc\Lifecycle\Lifecycle.csproj", "{C3662BE1-F669-4AF4-8880-BA0C0AB8BF75}"
EndProject
Project("{FAE04EC0-301F-11D3-BF4B-00C04F79EFBC}") = "Services", "Thick\Misc\Services\Services.csproj", "{356BEED8-6291-4464-8991-19E9FAD2E262}"
EndProject
Project("{2150E333-8FDC-42A3-9474-1A3956D46DE8}") = "Misc", "Misc", "{20FBB84F-8A6F-4D51-B3EA-F20AE49942CE}"
EndProject
Project("{FAE04EC0-301F-11D3-BF4B-00C04F79EFBC}") = "ServicesThin", "Thin\Misc\ServicesThin\ServicesThin.csproj", "{E48EC44D-1793-4DD3-9931-A388EFC3B105}"
EndProject
Project("{2150E333-8FDC-42A3-9474-1A3956D46DE8}") = "Sql", "Sql", "{FAEFE545-7021-47B2-B8F4-A4D90E3A1D95}"
EndProject
Project("{FAE04EC0-301F-11D3-BF4B-00C04F79EFBC}") = "Linq", "Thick\Sql\Linq\Linq.csproj", "{6ACF7BC9-233E-43D6-A11C-65E86B635E69}"
EndProject
Project("{2150E333-8FDC-42A3-9474-1A3956D46DE8}") = "Sql", "Sql", "{DEE13036-D4A0-4AA8-BA32-DBA07EA395C2}"
EndProject
Project("{FAE04EC0-301F-11D3-BF4B-00C04F79EFBC}") = "LinqThin", "Thin\Sql\LinqThin\LinqThin.csproj", "{5DA60E85-6262-4A5D-BC25-02F0F00B45D0}"
EndProject
Project("{FAE04EC0-301F-11D3-BF4B-00C04F79EFBC}") = "Sql", "Thick\Sql\Sql\Sql.csproj", "{E2711373-5BF2-4FC2-8B44-2029B8596545}"
EndProject
Project("{FAE04EC0-301F-11D3-BF4B-00C04F79EFBC}") = "SqlThin", "Thin\Sql\SqlThin\SqlThin.csproj", "{4AE6C11F-4C2E-438D-845D-AD49755B4BED}"
EndProject
Project("{FAE04EC0-301F-11D3-BF4B-00C04F79EFBC}") = "Ddl", "Thick\Sql\Ddl\Ddl.csproj", "{7FF8F30E-BC11-4ADD-815E-C08998B9E831}"
EndProject
Project("{FAE04EC0-301F-11D3-BF4B-00C04F79EFBC}") = "Dml", "Thick\Sql\Dml\Dml.csproj", "{BD89BAE0-54E8-4B9E-81CC-A030B61FC157}"
EndProject
Project("{FAE04EC0-301F-11D3-BF4B-00C04F79EFBC}") = "DmlThin", "Thin\Sql\DmlThin\DmlThin.csproj", "{A4F689F6-9C1C-48D9-9A93-101BCA7328D4}"
EndProject
Project("{FAE04EC0-301F-11D3-BF4B-00C04F79EFBC}") = "DdlThin", "Thin\Sql\DdlThin\DdlThin.csproj", "{63ED1620-2FFF-42D5-BDA6-CC18FBAFEF1D}"
EndProject
Global
	GlobalSection(SolutionConfigurationPlatforms) = preSolution
		Debug|Any CPU = Debug|Any CPU
		Debug|x64 = Debug|x64
		Debug|x86 = Debug|x86
		Release|Any CPU = Release|Any CPU
		Release|x64 = Release|x64
		Release|x86 = Release|x86
	EndGlobalSection
	GlobalSection(SolutionProperties) = preSolution
		HideSolutionNode = FALSE
	EndGlobalSection
	GlobalSection(ProjectConfigurationPlatforms) = postSolution
		{D40C6568-1803-4934-9AE4-F4B8E96EBA90}.Debug|Any CPU.ActiveCfg = Debug|Any CPU
		{D40C6568-1803-4934-9AE4-F4B8E96EBA90}.Debug|Any CPU.Build.0 = Debug|Any CPU
		{D40C6568-1803-4934-9AE4-F4B8E96EBA90}.Debug|x64.ActiveCfg = Debug|Any CPU
		{D40C6568-1803-4934-9AE4-F4B8E96EBA90}.Debug|x64.Build.0 = Debug|Any CPU
		{D40C6568-1803-4934-9AE4-F4B8E96EBA90}.Debug|x86.ActiveCfg = Debug|Any CPU
		{D40C6568-1803-4934-9AE4-F4B8E96EBA90}.Debug|x86.Build.0 = Debug|Any CPU
		{D40C6568-1803-4934-9AE4-F4B8E96EBA90}.Release|Any CPU.ActiveCfg = Release|Any CPU
		{D40C6568-1803-4934-9AE4-F4B8E96EBA90}.Release|Any CPU.Build.0 = Release|Any CPU
		{D40C6568-1803-4934-9AE4-F4B8E96EBA90}.Release|x64.ActiveCfg = Release|Any CPU
		{D40C6568-1803-4934-9AE4-F4B8E96EBA90}.Release|x64.Build.0 = Release|Any CPU
		{D40C6568-1803-4934-9AE4-F4B8E96EBA90}.Release|x86.ActiveCfg = Release|Any CPU
		{D40C6568-1803-4934-9AE4-F4B8E96EBA90}.Release|x86.Build.0 = Release|Any CPU
		{D84AFE4B-C016-4082-983B-EE79D69C87FC}.Debug|Any CPU.ActiveCfg = Debug|Any CPU
		{D84AFE4B-C016-4082-983B-EE79D69C87FC}.Debug|Any CPU.Build.0 = Debug|Any CPU
		{D84AFE4B-C016-4082-983B-EE79D69C87FC}.Debug|x64.ActiveCfg = Debug|Any CPU
		{D84AFE4B-C016-4082-983B-EE79D69C87FC}.Debug|x64.Build.0 = Debug|Any CPU
		{D84AFE4B-C016-4082-983B-EE79D69C87FC}.Debug|x86.ActiveCfg = Debug|Any CPU
		{D84AFE4B-C016-4082-983B-EE79D69C87FC}.Debug|x86.Build.0 = Debug|Any CPU
		{D84AFE4B-C016-4082-983B-EE79D69C87FC}.Release|Any CPU.ActiveCfg = Release|Any CPU
		{D84AFE4B-C016-4082-983B-EE79D69C87FC}.Release|Any CPU.Build.0 = Release|Any CPU
		{D84AFE4B-C016-4082-983B-EE79D69C87FC}.Release|x64.ActiveCfg = Release|Any CPU
		{D84AFE4B-C016-4082-983B-EE79D69C87FC}.Release|x64.Build.0 = Release|Any CPU
		{D84AFE4B-C016-4082-983B-EE79D69C87FC}.Release|x86.ActiveCfg = Release|Any CPU
		{D84AFE4B-C016-4082-983B-EE79D69C87FC}.Release|x86.Build.0 = Release|Any CPU
		{4D4CB21E-49D9-4AFA-8321-EA1F00EB01F0}.Debug|Any CPU.ActiveCfg = Debug|Any CPU
		{4D4CB21E-49D9-4AFA-8321-EA1F00EB01F0}.Debug|Any CPU.Build.0 = Debug|Any CPU
		{4D4CB21E-49D9-4AFA-8321-EA1F00EB01F0}.Debug|x64.ActiveCfg = Debug|Any CPU
		{4D4CB21E-49D9-4AFA-8321-EA1F00EB01F0}.Debug|x64.Build.0 = Debug|Any CPU
		{4D4CB21E-49D9-4AFA-8321-EA1F00EB01F0}.Debug|x86.ActiveCfg = Debug|Any CPU
		{4D4CB21E-49D9-4AFA-8321-EA1F00EB01F0}.Debug|x86.Build.0 = Debug|Any CPU
		{4D4CB21E-49D9-4AFA-8321-EA1F00EB01F0}.Release|Any CPU.ActiveCfg = Release|Any CPU
		{4D4CB21E-49D9-4AFA-8321-EA1F00EB01F0}.Release|Any CPU.Build.0 = Release|Any CPU
		{4D4CB21E-49D9-4AFA-8321-EA1F00EB01F0}.Release|x64.ActiveCfg = Release|Any CPU
		{4D4CB21E-49D9-4AFA-8321-EA1F00EB01F0}.Release|x64.Build.0 = Release|Any CPU
		{4D4CB21E-49D9-4AFA-8321-EA1F00EB01F0}.Release|x86.ActiveCfg = Release|Any CPU
		{4D4CB21E-49D9-4AFA-8321-EA1F00EB01F0}.Release|x86.Build.0 = Release|Any CPU
		{B395CABC-BF04-467E-80A0-6E7837688FFF}.Debug|Any CPU.ActiveCfg = Debug|Any CPU
		{B395CABC-BF04-467E-80A0-6E7837688FFF}.Debug|Any CPU.Build.0 = Debug|Any CPU
		{B395CABC-BF04-467E-80A0-6E7837688FFF}.Debug|x64.ActiveCfg = Debug|Any CPU
		{B395CABC-BF04-467E-80A0-6E7837688FFF}.Debug|x64.Build.0 = Debug|Any CPU
		{B395CABC-BF04-467E-80A0-6E7837688FFF}.Debug|x86.ActiveCfg = Debug|Any CPU
		{B395CABC-BF04-467E-80A0-6E7837688FFF}.Debug|x86.Build.0 = Debug|Any CPU
		{B395CABC-BF04-467E-80A0-6E7837688FFF}.Release|Any CPU.ActiveCfg = Release|Any CPU
		{B395CABC-BF04-467E-80A0-6E7837688FFF}.Release|Any CPU.Build.0 = Release|Any CPU
		{B395CABC-BF04-467E-80A0-6E7837688FFF}.Release|x64.ActiveCfg = Release|Any CPU
		{B395CABC-BF04-467E-80A0-6E7837688FFF}.Release|x64.Build.0 = Release|Any CPU
		{B395CABC-BF04-467E-80A0-6E7837688FFF}.Release|x86.ActiveCfg = Release|Any CPU
		{B395CABC-BF04-467E-80A0-6E7837688FFF}.Release|x86.Build.0 = Release|Any CPU
		{165F8B1C-97F3-4779-B2AD-035C6E53E085}.Debug|Any CPU.ActiveCfg = Debug|Any CPU
		{165F8B1C-97F3-4779-B2AD-035C6E53E085}.Debug|Any CPU.Build.0 = Debug|Any CPU
		{165F8B1C-97F3-4779-B2AD-035C6E53E085}.Debug|x64.ActiveCfg = Debug|Any CPU
		{165F8B1C-97F3-4779-B2AD-035C6E53E085}.Debug|x64.Build.0 = Debug|Any CPU
		{165F8B1C-97F3-4779-B2AD-035C6E53E085}.Debug|x86.ActiveCfg = Debug|Any CPU
		{165F8B1C-97F3-4779-B2AD-035C6E53E085}.Debug|x86.Build.0 = Debug|Any CPU
		{165F8B1C-97F3-4779-B2AD-035C6E53E085}.Release|Any CPU.ActiveCfg = Release|Any CPU
		{165F8B1C-97F3-4779-B2AD-035C6E53E085}.Release|Any CPU.Build.0 = Release|Any CPU
		{165F8B1C-97F3-4779-B2AD-035C6E53E085}.Release|x64.ActiveCfg = Release|Any CPU
		{165F8B1C-97F3-4779-B2AD-035C6E53E085}.Release|x64.Build.0 = Release|Any CPU
		{165F8B1C-97F3-4779-B2AD-035C6E53E085}.Release|x86.ActiveCfg = Release|Any CPU
		{165F8B1C-97F3-4779-B2AD-035C6E53E085}.Release|x86.Build.0 = Release|Any CPU
		{9C4D6CCF-D959-43C1-9EDC-E6D5B4EC5356}.Debug|Any CPU.ActiveCfg = Debug|Any CPU
		{9C4D6CCF-D959-43C1-9EDC-E6D5B4EC5356}.Debug|Any CPU.Build.0 = Debug|Any CPU
		{9C4D6CCF-D959-43C1-9EDC-E6D5B4EC5356}.Debug|x64.ActiveCfg = Debug|Any CPU
		{9C4D6CCF-D959-43C1-9EDC-E6D5B4EC5356}.Debug|x64.Build.0 = Debug|Any CPU
		{9C4D6CCF-D959-43C1-9EDC-E6D5B4EC5356}.Debug|x86.ActiveCfg = Debug|Any CPU
		{9C4D6CCF-D959-43C1-9EDC-E6D5B4EC5356}.Debug|x86.Build.0 = Debug|Any CPU
		{9C4D6CCF-D959-43C1-9EDC-E6D5B4EC5356}.Release|Any CPU.ActiveCfg = Release|Any CPU
		{9C4D6CCF-D959-43C1-9EDC-E6D5B4EC5356}.Release|Any CPU.Build.0 = Release|Any CPU
		{9C4D6CCF-D959-43C1-9EDC-E6D5B4EC5356}.Release|x64.ActiveCfg = Release|Any CPU
		{9C4D6CCF-D959-43C1-9EDC-E6D5B4EC5356}.Release|x64.Build.0 = Release|Any CPU
		{9C4D6CCF-D959-43C1-9EDC-E6D5B4EC5356}.Release|x86.ActiveCfg = Release|Any CPU
		{9C4D6CCF-D959-43C1-9EDC-E6D5B4EC5356}.Release|x86.Build.0 = Release|Any CPU
		{A030D742-2BD1-4A5C-8F5A-D0E872AE5946}.Debug|Any CPU.ActiveCfg = Debug|Any CPU
		{A030D742-2BD1-4A5C-8F5A-D0E872AE5946}.Debug|Any CPU.Build.0 = Debug|Any CPU
		{A030D742-2BD1-4A5C-8F5A-D0E872AE5946}.Debug|x64.ActiveCfg = Debug|Any CPU
		{A030D742-2BD1-4A5C-8F5A-D0E872AE5946}.Debug|x64.Build.0 = Debug|Any CPU
		{A030D742-2BD1-4A5C-8F5A-D0E872AE5946}.Debug|x86.ActiveCfg = Debug|Any CPU
		{A030D742-2BD1-4A5C-8F5A-D0E872AE5946}.Debug|x86.Build.0 = Debug|Any CPU
		{A030D742-2BD1-4A5C-8F5A-D0E872AE5946}.Release|Any CPU.ActiveCfg = Release|Any CPU
		{A030D742-2BD1-4A5C-8F5A-D0E872AE5946}.Release|Any CPU.Build.0 = Release|Any CPU
		{A030D742-2BD1-4A5C-8F5A-D0E872AE5946}.Release|x64.ActiveCfg = Release|Any CPU
		{A030D742-2BD1-4A5C-8F5A-D0E872AE5946}.Release|x64.Build.0 = Release|Any CPU
		{A030D742-2BD1-4A5C-8F5A-D0E872AE5946}.Release|x86.ActiveCfg = Release|Any CPU
		{A030D742-2BD1-4A5C-8F5A-D0E872AE5946}.Release|x86.Build.0 = Release|Any CPU
		{90C58F79-9136-4E1C-9CF6-80C0A58468DB}.Debug|Any CPU.ActiveCfg = Debug|Any CPU
		{90C58F79-9136-4E1C-9CF6-80C0A58468DB}.Debug|Any CPU.Build.0 = Debug|Any CPU
		{90C58F79-9136-4E1C-9CF6-80C0A58468DB}.Debug|x64.ActiveCfg = Debug|Any CPU
		{90C58F79-9136-4E1C-9CF6-80C0A58468DB}.Debug|x64.Build.0 = Debug|Any CPU
		{90C58F79-9136-4E1C-9CF6-80C0A58468DB}.Debug|x86.ActiveCfg = Debug|Any CPU
		{90C58F79-9136-4E1C-9CF6-80C0A58468DB}.Debug|x86.Build.0 = Debug|Any CPU
		{90C58F79-9136-4E1C-9CF6-80C0A58468DB}.Release|Any CPU.ActiveCfg = Release|Any CPU
		{90C58F79-9136-4E1C-9CF6-80C0A58468DB}.Release|Any CPU.Build.0 = Release|Any CPU
		{90C58F79-9136-4E1C-9CF6-80C0A58468DB}.Release|x64.ActiveCfg = Release|Any CPU
		{90C58F79-9136-4E1C-9CF6-80C0A58468DB}.Release|x64.Build.0 = Release|Any CPU
		{90C58F79-9136-4E1C-9CF6-80C0A58468DB}.Release|x86.ActiveCfg = Release|Any CPU
		{90C58F79-9136-4E1C-9CF6-80C0A58468DB}.Release|x86.Build.0 = Release|Any CPU
		{07086DCE-DE16-45A7-B04C-ED6B0737CE6B}.Debug|Any CPU.ActiveCfg = Debug|Any CPU
		{07086DCE-DE16-45A7-B04C-ED6B0737CE6B}.Debug|Any CPU.Build.0 = Debug|Any CPU
		{07086DCE-DE16-45A7-B04C-ED6B0737CE6B}.Debug|x64.ActiveCfg = Debug|Any CPU
		{07086DCE-DE16-45A7-B04C-ED6B0737CE6B}.Debug|x64.Build.0 = Debug|Any CPU
		{07086DCE-DE16-45A7-B04C-ED6B0737CE6B}.Debug|x86.ActiveCfg = Debug|Any CPU
		{07086DCE-DE16-45A7-B04C-ED6B0737CE6B}.Debug|x86.Build.0 = Debug|Any CPU
		{07086DCE-DE16-45A7-B04C-ED6B0737CE6B}.Release|Any CPU.ActiveCfg = Release|Any CPU
		{07086DCE-DE16-45A7-B04C-ED6B0737CE6B}.Release|Any CPU.Build.0 = Release|Any CPU
		{07086DCE-DE16-45A7-B04C-ED6B0737CE6B}.Release|x64.ActiveCfg = Release|Any CPU
		{07086DCE-DE16-45A7-B04C-ED6B0737CE6B}.Release|x64.Build.0 = Release|Any CPU
		{07086DCE-DE16-45A7-B04C-ED6B0737CE6B}.Release|x86.ActiveCfg = Release|Any CPU
		{07086DCE-DE16-45A7-B04C-ED6B0737CE6B}.Release|x86.Build.0 = Release|Any CPU
		{8460364F-0F95-4F76-AAF3-20BD120E95E1}.Debug|Any CPU.ActiveCfg = Debug|Any CPU
		{8460364F-0F95-4F76-AAF3-20BD120E95E1}.Debug|Any CPU.Build.0 = Debug|Any CPU
		{8460364F-0F95-4F76-AAF3-20BD120E95E1}.Debug|x64.ActiveCfg = Debug|Any CPU
		{8460364F-0F95-4F76-AAF3-20BD120E95E1}.Debug|x64.Build.0 = Debug|Any CPU
		{8460364F-0F95-4F76-AAF3-20BD120E95E1}.Debug|x86.ActiveCfg = Debug|Any CPU
		{8460364F-0F95-4F76-AAF3-20BD120E95E1}.Debug|x86.Build.0 = Debug|Any CPU
		{8460364F-0F95-4F76-AAF3-20BD120E95E1}.Release|Any CPU.ActiveCfg = Release|Any CPU
		{8460364F-0F95-4F76-AAF3-20BD120E95E1}.Release|Any CPU.Build.0 = Release|Any CPU
		{8460364F-0F95-4F76-AAF3-20BD120E95E1}.Release|x64.ActiveCfg = Release|Any CPU
		{8460364F-0F95-4F76-AAF3-20BD120E95E1}.Release|x64.Build.0 = Release|Any CPU
		{8460364F-0F95-4F76-AAF3-20BD120E95E1}.Release|x86.ActiveCfg = Release|Any CPU
		{8460364F-0F95-4F76-AAF3-20BD120E95E1}.Release|x86.Build.0 = Release|Any CPU
		{54FFB523-A37C-4520-8FF8-9A8DEE8528BF}.Debug|Any CPU.ActiveCfg = Debug|Any CPU
		{54FFB523-A37C-4520-8FF8-9A8DEE8528BF}.Debug|Any CPU.Build.0 = Debug|Any CPU
		{54FFB523-A37C-4520-8FF8-9A8DEE8528BF}.Debug|x64.ActiveCfg = Debug|Any CPU
		{54FFB523-A37C-4520-8FF8-9A8DEE8528BF}.Debug|x64.Build.0 = Debug|Any CPU
		{54FFB523-A37C-4520-8FF8-9A8DEE8528BF}.Debug|x86.ActiveCfg = Debug|Any CPU
		{54FFB523-A37C-4520-8FF8-9A8DEE8528BF}.Debug|x86.Build.0 = Debug|Any CPU
		{54FFB523-A37C-4520-8FF8-9A8DEE8528BF}.Release|Any CPU.ActiveCfg = Release|Any CPU
		{54FFB523-A37C-4520-8FF8-9A8DEE8528BF}.Release|Any CPU.Build.0 = Release|Any CPU
		{54FFB523-A37C-4520-8FF8-9A8DEE8528BF}.Release|x64.ActiveCfg = Release|Any CPU
		{54FFB523-A37C-4520-8FF8-9A8DEE8528BF}.Release|x64.Build.0 = Release|Any CPU
		{54FFB523-A37C-4520-8FF8-9A8DEE8528BF}.Release|x86.ActiveCfg = Release|Any CPU
		{54FFB523-A37C-4520-8FF8-9A8DEE8528BF}.Release|x86.Build.0 = Release|Any CPU
		{4DAFD379-D4DB-4FA4-BDF0-CDEEF2F40670}.Debug|Any CPU.ActiveCfg = Debug|Any CPU
		{4DAFD379-D4DB-4FA4-BDF0-CDEEF2F40670}.Debug|Any CPU.Build.0 = Debug|Any CPU
		{4DAFD379-D4DB-4FA4-BDF0-CDEEF2F40670}.Debug|x64.ActiveCfg = Debug|Any CPU
		{4DAFD379-D4DB-4FA4-BDF0-CDEEF2F40670}.Debug|x64.Build.0 = Debug|Any CPU
		{4DAFD379-D4DB-4FA4-BDF0-CDEEF2F40670}.Debug|x86.ActiveCfg = Debug|Any CPU
		{4DAFD379-D4DB-4FA4-BDF0-CDEEF2F40670}.Debug|x86.Build.0 = Debug|Any CPU
		{4DAFD379-D4DB-4FA4-BDF0-CDEEF2F40670}.Release|Any CPU.ActiveCfg = Release|Any CPU
		{4DAFD379-D4DB-4FA4-BDF0-CDEEF2F40670}.Release|Any CPU.Build.0 = Release|Any CPU
		{4DAFD379-D4DB-4FA4-BDF0-CDEEF2F40670}.Release|x64.ActiveCfg = Release|Any CPU
		{4DAFD379-D4DB-4FA4-BDF0-CDEEF2F40670}.Release|x64.Build.0 = Release|Any CPU
		{4DAFD379-D4DB-4FA4-BDF0-CDEEF2F40670}.Release|x86.ActiveCfg = Release|Any CPU
		{4DAFD379-D4DB-4FA4-BDF0-CDEEF2F40670}.Release|x86.Build.0 = Release|Any CPU
		{D1D24CD0-6EAF-48B7-99D4-8F993CC9ED3C}.Debug|Any CPU.ActiveCfg = Debug|Any CPU
		{D1D24CD0-6EAF-48B7-99D4-8F993CC9ED3C}.Debug|Any CPU.Build.0 = Debug|Any CPU
		{D1D24CD0-6EAF-48B7-99D4-8F993CC9ED3C}.Debug|x64.ActiveCfg = Debug|Any CPU
		{D1D24CD0-6EAF-48B7-99D4-8F993CC9ED3C}.Debug|x64.Build.0 = Debug|Any CPU
		{D1D24CD0-6EAF-48B7-99D4-8F993CC9ED3C}.Debug|x86.ActiveCfg = Debug|Any CPU
		{D1D24CD0-6EAF-48B7-99D4-8F993CC9ED3C}.Debug|x86.Build.0 = Debug|Any CPU
		{D1D24CD0-6EAF-48B7-99D4-8F993CC9ED3C}.Release|Any CPU.ActiveCfg = Release|Any CPU
		{D1D24CD0-6EAF-48B7-99D4-8F993CC9ED3C}.Release|Any CPU.Build.0 = Release|Any CPU
		{D1D24CD0-6EAF-48B7-99D4-8F993CC9ED3C}.Release|x64.ActiveCfg = Release|Any CPU
		{D1D24CD0-6EAF-48B7-99D4-8F993CC9ED3C}.Release|x64.Build.0 = Release|Any CPU
		{D1D24CD0-6EAF-48B7-99D4-8F993CC9ED3C}.Release|x86.ActiveCfg = Release|Any CPU
		{D1D24CD0-6EAF-48B7-99D4-8F993CC9ED3C}.Release|x86.Build.0 = Release|Any CPU
		{BC11EDEE-4684-4910-A2FB-1545153C918F}.Debug|Any CPU.ActiveCfg = Debug|Any CPU
		{BC11EDEE-4684-4910-A2FB-1545153C918F}.Debug|Any CPU.Build.0 = Debug|Any CPU
		{BC11EDEE-4684-4910-A2FB-1545153C918F}.Debug|x64.ActiveCfg = Debug|Any CPU
		{BC11EDEE-4684-4910-A2FB-1545153C918F}.Debug|x64.Build.0 = Debug|Any CPU
		{BC11EDEE-4684-4910-A2FB-1545153C918F}.Debug|x86.ActiveCfg = Debug|Any CPU
		{BC11EDEE-4684-4910-A2FB-1545153C918F}.Debug|x86.Build.0 = Debug|Any CPU
		{BC11EDEE-4684-4910-A2FB-1545153C918F}.Release|Any CPU.ActiveCfg = Release|Any CPU
		{BC11EDEE-4684-4910-A2FB-1545153C918F}.Release|Any CPU.Build.0 = Release|Any CPU
		{BC11EDEE-4684-4910-A2FB-1545153C918F}.Release|x64.ActiveCfg = Release|Any CPU
		{BC11EDEE-4684-4910-A2FB-1545153C918F}.Release|x64.Build.0 = Release|Any CPU
		{BC11EDEE-4684-4910-A2FB-1545153C918F}.Release|x86.ActiveCfg = Release|Any CPU
		{BC11EDEE-4684-4910-A2FB-1545153C918F}.Release|x86.Build.0 = Release|Any CPU
		{5900AA9F-1EE9-4BB4-ADCD-EFDB13F5B869}.Debug|Any CPU.ActiveCfg = Debug|Any CPU
		{5900AA9F-1EE9-4BB4-ADCD-EFDB13F5B869}.Debug|Any CPU.Build.0 = Debug|Any CPU
		{5900AA9F-1EE9-4BB4-ADCD-EFDB13F5B869}.Debug|x64.ActiveCfg = Debug|Any CPU
		{5900AA9F-1EE9-4BB4-ADCD-EFDB13F5B869}.Debug|x64.Build.0 = Debug|Any CPU
		{5900AA9F-1EE9-4BB4-ADCD-EFDB13F5B869}.Debug|x86.ActiveCfg = Debug|Any CPU
		{5900AA9F-1EE9-4BB4-ADCD-EFDB13F5B869}.Debug|x86.Build.0 = Debug|Any CPU
		{5900AA9F-1EE9-4BB4-ADCD-EFDB13F5B869}.Release|Any CPU.ActiveCfg = Release|Any CPU
		{5900AA9F-1EE9-4BB4-ADCD-EFDB13F5B869}.Release|Any CPU.Build.0 = Release|Any CPU
		{5900AA9F-1EE9-4BB4-ADCD-EFDB13F5B869}.Release|x64.ActiveCfg = Release|Any CPU
		{5900AA9F-1EE9-4BB4-ADCD-EFDB13F5B869}.Release|x64.Build.0 = Release|Any CPU
		{5900AA9F-1EE9-4BB4-ADCD-EFDB13F5B869}.Release|x86.ActiveCfg = Release|Any CPU
		{5900AA9F-1EE9-4BB4-ADCD-EFDB13F5B869}.Release|x86.Build.0 = Release|Any CPU
		{1CF77DCF-2C6D-4E25-89C5-74EB32486A89}.Debug|Any CPU.ActiveCfg = Debug|Any CPU
		{1CF77DCF-2C6D-4E25-89C5-74EB32486A89}.Debug|Any CPU.Build.0 = Debug|Any CPU
		{1CF77DCF-2C6D-4E25-89C5-74EB32486A89}.Debug|x64.ActiveCfg = Debug|Any CPU
		{1CF77DCF-2C6D-4E25-89C5-74EB32486A89}.Debug|x64.Build.0 = Debug|Any CPU
		{1CF77DCF-2C6D-4E25-89C5-74EB32486A89}.Debug|x86.ActiveCfg = Debug|Any CPU
		{1CF77DCF-2C6D-4E25-89C5-74EB32486A89}.Debug|x86.Build.0 = Debug|Any CPU
		{1CF77DCF-2C6D-4E25-89C5-74EB32486A89}.Release|Any CPU.ActiveCfg = Release|Any CPU
		{1CF77DCF-2C6D-4E25-89C5-74EB32486A89}.Release|Any CPU.Build.0 = Release|Any CPU
		{1CF77DCF-2C6D-4E25-89C5-74EB32486A89}.Release|x64.ActiveCfg = Release|Any CPU
		{1CF77DCF-2C6D-4E25-89C5-74EB32486A89}.Release|x64.Build.0 = Release|Any CPU
		{1CF77DCF-2C6D-4E25-89C5-74EB32486A89}.Release|x86.ActiveCfg = Release|Any CPU
		{1CF77DCF-2C6D-4E25-89C5-74EB32486A89}.Release|x86.Build.0 = Release|Any CPU
		{42C7D8FD-2AF1-4E49-9EDE-EBAE15E149C9}.Debug|Any CPU.ActiveCfg = Debug|Any CPU
		{42C7D8FD-2AF1-4E49-9EDE-EBAE15E149C9}.Debug|Any CPU.Build.0 = Debug|Any CPU
		{42C7D8FD-2AF1-4E49-9EDE-EBAE15E149C9}.Debug|x64.ActiveCfg = Debug|Any CPU
		{42C7D8FD-2AF1-4E49-9EDE-EBAE15E149C9}.Debug|x64.Build.0 = Debug|Any CPU
		{42C7D8FD-2AF1-4E49-9EDE-EBAE15E149C9}.Debug|x86.ActiveCfg = Debug|Any CPU
		{42C7D8FD-2AF1-4E49-9EDE-EBAE15E149C9}.Debug|x86.Build.0 = Debug|Any CPU
		{42C7D8FD-2AF1-4E49-9EDE-EBAE15E149C9}.Release|Any CPU.ActiveCfg = Release|Any CPU
		{42C7D8FD-2AF1-4E49-9EDE-EBAE15E149C9}.Release|Any CPU.Build.0 = Release|Any CPU
		{42C7D8FD-2AF1-4E49-9EDE-EBAE15E149C9}.Release|x64.ActiveCfg = Release|Any CPU
		{42C7D8FD-2AF1-4E49-9EDE-EBAE15E149C9}.Release|x64.Build.0 = Release|Any CPU
		{42C7D8FD-2AF1-4E49-9EDE-EBAE15E149C9}.Release|x86.ActiveCfg = Release|Any CPU
		{42C7D8FD-2AF1-4E49-9EDE-EBAE15E149C9}.Release|x86.Build.0 = Release|Any CPU
		{3F8CF55E-4138-483D-ABBF-917E6095FB14}.Debug|Any CPU.ActiveCfg = Debug|Any CPU
		{3F8CF55E-4138-483D-ABBF-917E6095FB14}.Debug|Any CPU.Build.0 = Debug|Any CPU
		{3F8CF55E-4138-483D-ABBF-917E6095FB14}.Debug|x64.ActiveCfg = Debug|Any CPU
		{3F8CF55E-4138-483D-ABBF-917E6095FB14}.Debug|x64.Build.0 = Debug|Any CPU
		{3F8CF55E-4138-483D-ABBF-917E6095FB14}.Debug|x86.ActiveCfg = Debug|Any CPU
		{3F8CF55E-4138-483D-ABBF-917E6095FB14}.Debug|x86.Build.0 = Debug|Any CPU
		{3F8CF55E-4138-483D-ABBF-917E6095FB14}.Release|Any CPU.ActiveCfg = Release|Any CPU
		{3F8CF55E-4138-483D-ABBF-917E6095FB14}.Release|Any CPU.Build.0 = Release|Any CPU
		{3F8CF55E-4138-483D-ABBF-917E6095FB14}.Release|x64.ActiveCfg = Release|Any CPU
		{3F8CF55E-4138-483D-ABBF-917E6095FB14}.Release|x64.Build.0 = Release|Any CPU
		{3F8CF55E-4138-483D-ABBF-917E6095FB14}.Release|x86.ActiveCfg = Release|Any CPU
		{3F8CF55E-4138-483D-ABBF-917E6095FB14}.Release|x86.Build.0 = Release|Any CPU
		{85686C3E-0DD7-4CB7-98AD-B76C10B7C414}.Debug|Any CPU.ActiveCfg = Debug|Any CPU
		{85686C3E-0DD7-4CB7-98AD-B76C10B7C414}.Debug|Any CPU.Build.0 = Debug|Any CPU
		{85686C3E-0DD7-4CB7-98AD-B76C10B7C414}.Debug|x64.ActiveCfg = Debug|Any CPU
		{85686C3E-0DD7-4CB7-98AD-B76C10B7C414}.Debug|x64.Build.0 = Debug|Any CPU
		{85686C3E-0DD7-4CB7-98AD-B76C10B7C414}.Debug|x86.ActiveCfg = Debug|Any CPU
		{85686C3E-0DD7-4CB7-98AD-B76C10B7C414}.Debug|x86.Build.0 = Debug|Any CPU
		{85686C3E-0DD7-4CB7-98AD-B76C10B7C414}.Release|Any CPU.ActiveCfg = Release|Any CPU
		{85686C3E-0DD7-4CB7-98AD-B76C10B7C414}.Release|Any CPU.Build.0 = Release|Any CPU
		{85686C3E-0DD7-4CB7-98AD-B76C10B7C414}.Release|x64.ActiveCfg = Release|Any CPU
		{85686C3E-0DD7-4CB7-98AD-B76C10B7C414}.Release|x64.Build.0 = Release|Any CPU
		{85686C3E-0DD7-4CB7-98AD-B76C10B7C414}.Release|x86.ActiveCfg = Release|Any CPU
		{85686C3E-0DD7-4CB7-98AD-B76C10B7C414}.Release|x86.Build.0 = Release|Any CPU
		{43F04C6D-1022-4D29-8B37-8473FE06E62E}.Debug|Any CPU.ActiveCfg = Debug|Any CPU
		{43F04C6D-1022-4D29-8B37-8473FE06E62E}.Debug|Any CPU.Build.0 = Debug|Any CPU
		{43F04C6D-1022-4D29-8B37-8473FE06E62E}.Debug|x64.ActiveCfg = Debug|Any CPU
		{43F04C6D-1022-4D29-8B37-8473FE06E62E}.Debug|x64.Build.0 = Debug|Any CPU
		{43F04C6D-1022-4D29-8B37-8473FE06E62E}.Debug|x86.ActiveCfg = Debug|Any CPU
		{43F04C6D-1022-4D29-8B37-8473FE06E62E}.Debug|x86.Build.0 = Debug|Any CPU
		{43F04C6D-1022-4D29-8B37-8473FE06E62E}.Release|Any CPU.ActiveCfg = Release|Any CPU
		{43F04C6D-1022-4D29-8B37-8473FE06E62E}.Release|Any CPU.Build.0 = Release|Any CPU
		{43F04C6D-1022-4D29-8B37-8473FE06E62E}.Release|x64.ActiveCfg = Release|Any CPU
		{43F04C6D-1022-4D29-8B37-8473FE06E62E}.Release|x64.Build.0 = Release|Any CPU
		{43F04C6D-1022-4D29-8B37-8473FE06E62E}.Release|x86.ActiveCfg = Release|Any CPU
		{43F04C6D-1022-4D29-8B37-8473FE06E62E}.Release|x86.Build.0 = Release|Any CPU
		{751FA84E-2689-4C09-838A-0CBC6F297249}.Debug|Any CPU.ActiveCfg = Debug|Any CPU
		{751FA84E-2689-4C09-838A-0CBC6F297249}.Debug|Any CPU.Build.0 = Debug|Any CPU
		{751FA84E-2689-4C09-838A-0CBC6F297249}.Debug|x64.ActiveCfg = Debug|Any CPU
		{751FA84E-2689-4C09-838A-0CBC6F297249}.Debug|x64.Build.0 = Debug|Any CPU
		{751FA84E-2689-4C09-838A-0CBC6F297249}.Debug|x86.ActiveCfg = Debug|Any CPU
		{751FA84E-2689-4C09-838A-0CBC6F297249}.Debug|x86.Build.0 = Debug|Any CPU
		{751FA84E-2689-4C09-838A-0CBC6F297249}.Release|Any CPU.ActiveCfg = Release|Any CPU
		{751FA84E-2689-4C09-838A-0CBC6F297249}.Release|Any CPU.Build.0 = Release|Any CPU
		{751FA84E-2689-4C09-838A-0CBC6F297249}.Release|x64.ActiveCfg = Release|Any CPU
		{751FA84E-2689-4C09-838A-0CBC6F297249}.Release|x64.Build.0 = Release|Any CPU
		{751FA84E-2689-4C09-838A-0CBC6F297249}.Release|x86.ActiveCfg = Release|Any CPU
		{751FA84E-2689-4C09-838A-0CBC6F297249}.Release|x86.Build.0 = Release|Any CPU
		{212BEA83-8F25-411D-AD69-314038A9DC9C}.Debug|Any CPU.ActiveCfg = Debug|Any CPU
		{212BEA83-8F25-411D-AD69-314038A9DC9C}.Debug|Any CPU.Build.0 = Debug|Any CPU
		{212BEA83-8F25-411D-AD69-314038A9DC9C}.Debug|x64.ActiveCfg = Debug|Any CPU
		{212BEA83-8F25-411D-AD69-314038A9DC9C}.Debug|x64.Build.0 = Debug|Any CPU
		{212BEA83-8F25-411D-AD69-314038A9DC9C}.Debug|x86.ActiveCfg = Debug|Any CPU
		{212BEA83-8F25-411D-AD69-314038A9DC9C}.Debug|x86.Build.0 = Debug|Any CPU
		{212BEA83-8F25-411D-AD69-314038A9DC9C}.Release|Any CPU.ActiveCfg = Release|Any CPU
		{212BEA83-8F25-411D-AD69-314038A9DC9C}.Release|Any CPU.Build.0 = Release|Any CPU
		{212BEA83-8F25-411D-AD69-314038A9DC9C}.Release|x64.ActiveCfg = Release|Any CPU
		{212BEA83-8F25-411D-AD69-314038A9DC9C}.Release|x64.Build.0 = Release|Any CPU
		{212BEA83-8F25-411D-AD69-314038A9DC9C}.Release|x86.ActiveCfg = Release|Any CPU
		{212BEA83-8F25-411D-AD69-314038A9DC9C}.Release|x86.Build.0 = Release|Any CPU
		{8CFFF7A2-464E-41B6-A35B-1E9A31C14DBF}.Debug|Any CPU.ActiveCfg = Debug|Any CPU
		{8CFFF7A2-464E-41B6-A35B-1E9A31C14DBF}.Debug|Any CPU.Build.0 = Debug|Any CPU
		{8CFFF7A2-464E-41B6-A35B-1E9A31C14DBF}.Debug|x64.ActiveCfg = Debug|Any CPU
		{8CFFF7A2-464E-41B6-A35B-1E9A31C14DBF}.Debug|x64.Build.0 = Debug|Any CPU
		{8CFFF7A2-464E-41B6-A35B-1E9A31C14DBF}.Debug|x86.ActiveCfg = Debug|Any CPU
		{8CFFF7A2-464E-41B6-A35B-1E9A31C14DBF}.Debug|x86.Build.0 = Debug|Any CPU
		{8CFFF7A2-464E-41B6-A35B-1E9A31C14DBF}.Release|Any CPU.ActiveCfg = Release|Any CPU
		{8CFFF7A2-464E-41B6-A35B-1E9A31C14DBF}.Release|Any CPU.Build.0 = Release|Any CPU
		{8CFFF7A2-464E-41B6-A35B-1E9A31C14DBF}.Release|x64.ActiveCfg = Release|Any CPU
		{8CFFF7A2-464E-41B6-A35B-1E9A31C14DBF}.Release|x64.Build.0 = Release|Any CPU
		{8CFFF7A2-464E-41B6-A35B-1E9A31C14DBF}.Release|x86.ActiveCfg = Release|Any CPU
		{8CFFF7A2-464E-41B6-A35B-1E9A31C14DBF}.Release|x86.Build.0 = Release|Any CPU
		{153E1917-3876-4BA3-89EA-A6D24844E64E}.Debug|Any CPU.ActiveCfg = Debug|Any CPU
		{153E1917-3876-4BA3-89EA-A6D24844E64E}.Debug|Any CPU.Build.0 = Debug|Any CPU
		{153E1917-3876-4BA3-89EA-A6D24844E64E}.Debug|x64.ActiveCfg = Debug|Any CPU
		{153E1917-3876-4BA3-89EA-A6D24844E64E}.Debug|x64.Build.0 = Debug|Any CPU
		{153E1917-3876-4BA3-89EA-A6D24844E64E}.Debug|x86.ActiveCfg = Debug|Any CPU
		{153E1917-3876-4BA3-89EA-A6D24844E64E}.Debug|x86.Build.0 = Debug|Any CPU
		{153E1917-3876-4BA3-89EA-A6D24844E64E}.Release|Any CPU.ActiveCfg = Release|Any CPU
		{153E1917-3876-4BA3-89EA-A6D24844E64E}.Release|Any CPU.Build.0 = Release|Any CPU
		{153E1917-3876-4BA3-89EA-A6D24844E64E}.Release|x64.ActiveCfg = Release|Any CPU
		{153E1917-3876-4BA3-89EA-A6D24844E64E}.Release|x64.Build.0 = Release|Any CPU
		{153E1917-3876-4BA3-89EA-A6D24844E64E}.Release|x86.ActiveCfg = Release|Any CPU
		{153E1917-3876-4BA3-89EA-A6D24844E64E}.Release|x86.Build.0 = Release|Any CPU
		{A92CD1D6-C53E-46FF-918C-3CD8A612B0FF}.Debug|Any CPU.ActiveCfg = Debug|Any CPU
		{A92CD1D6-C53E-46FF-918C-3CD8A612B0FF}.Debug|Any CPU.Build.0 = Debug|Any CPU
		{A92CD1D6-C53E-46FF-918C-3CD8A612B0FF}.Debug|x64.ActiveCfg = Debug|Any CPU
		{A92CD1D6-C53E-46FF-918C-3CD8A612B0FF}.Debug|x64.Build.0 = Debug|Any CPU
		{A92CD1D6-C53E-46FF-918C-3CD8A612B0FF}.Debug|x86.ActiveCfg = Debug|Any CPU
		{A92CD1D6-C53E-46FF-918C-3CD8A612B0FF}.Debug|x86.Build.0 = Debug|Any CPU
		{A92CD1D6-C53E-46FF-918C-3CD8A612B0FF}.Release|Any CPU.ActiveCfg = Release|Any CPU
		{A92CD1D6-C53E-46FF-918C-3CD8A612B0FF}.Release|Any CPU.Build.0 = Release|Any CPU
		{A92CD1D6-C53E-46FF-918C-3CD8A612B0FF}.Release|x64.ActiveCfg = Release|Any CPU
		{A92CD1D6-C53E-46FF-918C-3CD8A612B0FF}.Release|x64.Build.0 = Release|Any CPU
		{A92CD1D6-C53E-46FF-918C-3CD8A612B0FF}.Release|x86.ActiveCfg = Release|Any CPU
		{A92CD1D6-C53E-46FF-918C-3CD8A612B0FF}.Release|x86.Build.0 = Release|Any CPU
		{2544A001-8E77-4498-8192-A3FE224CC5AA}.Debug|Any CPU.ActiveCfg = Debug|Any CPU
		{2544A001-8E77-4498-8192-A3FE224CC5AA}.Debug|Any CPU.Build.0 = Debug|Any CPU
		{2544A001-8E77-4498-8192-A3FE224CC5AA}.Debug|x64.ActiveCfg = Debug|Any CPU
		{2544A001-8E77-4498-8192-A3FE224CC5AA}.Debug|x64.Build.0 = Debug|Any CPU
		{2544A001-8E77-4498-8192-A3FE224CC5AA}.Debug|x86.ActiveCfg = Debug|Any CPU
		{2544A001-8E77-4498-8192-A3FE224CC5AA}.Debug|x86.Build.0 = Debug|Any CPU
		{2544A001-8E77-4498-8192-A3FE224CC5AA}.Release|Any CPU.ActiveCfg = Release|Any CPU
		{2544A001-8E77-4498-8192-A3FE224CC5AA}.Release|Any CPU.Build.0 = Release|Any CPU
		{2544A001-8E77-4498-8192-A3FE224CC5AA}.Release|x64.ActiveCfg = Release|Any CPU
		{2544A001-8E77-4498-8192-A3FE224CC5AA}.Release|x64.Build.0 = Release|Any CPU
		{2544A001-8E77-4498-8192-A3FE224CC5AA}.Release|x86.ActiveCfg = Release|Any CPU
		{2544A001-8E77-4498-8192-A3FE224CC5AA}.Release|x86.Build.0 = Release|Any CPU
		{B1486BF3-05E8-4445-9C39-D9064DD61B98}.Debug|Any CPU.ActiveCfg = Debug|Any CPU
		{B1486BF3-05E8-4445-9C39-D9064DD61B98}.Debug|Any CPU.Build.0 = Debug|Any CPU
		{B1486BF3-05E8-4445-9C39-D9064DD61B98}.Debug|x64.ActiveCfg = Debug|Any CPU
		{B1486BF3-05E8-4445-9C39-D9064DD61B98}.Debug|x64.Build.0 = Debug|Any CPU
		{B1486BF3-05E8-4445-9C39-D9064DD61B98}.Debug|x86.ActiveCfg = Debug|Any CPU
		{B1486BF3-05E8-4445-9C39-D9064DD61B98}.Debug|x86.Build.0 = Debug|Any CPU
		{B1486BF3-05E8-4445-9C39-D9064DD61B98}.Release|Any CPU.ActiveCfg = Release|Any CPU
		{B1486BF3-05E8-4445-9C39-D9064DD61B98}.Release|Any CPU.Build.0 = Release|Any CPU
		{B1486BF3-05E8-4445-9C39-D9064DD61B98}.Release|x64.ActiveCfg = Release|Any CPU
		{B1486BF3-05E8-4445-9C39-D9064DD61B98}.Release|x64.Build.0 = Release|Any CPU
		{B1486BF3-05E8-4445-9C39-D9064DD61B98}.Release|x86.ActiveCfg = Release|Any CPU
		{B1486BF3-05E8-4445-9C39-D9064DD61B98}.Release|x86.Build.0 = Release|Any CPU
		{6641EED9-6A71-4AA0-9F95-762040C2232E}.Debug|Any CPU.ActiveCfg = Debug|Any CPU
		{6641EED9-6A71-4AA0-9F95-762040C2232E}.Debug|Any CPU.Build.0 = Debug|Any CPU
		{6641EED9-6A71-4AA0-9F95-762040C2232E}.Debug|x64.ActiveCfg = Debug|Any CPU
		{6641EED9-6A71-4AA0-9F95-762040C2232E}.Debug|x64.Build.0 = Debug|Any CPU
		{6641EED9-6A71-4AA0-9F95-762040C2232E}.Debug|x86.ActiveCfg = Debug|Any CPU
		{6641EED9-6A71-4AA0-9F95-762040C2232E}.Debug|x86.Build.0 = Debug|Any CPU
		{6641EED9-6A71-4AA0-9F95-762040C2232E}.Release|Any CPU.ActiveCfg = Release|Any CPU
		{6641EED9-6A71-4AA0-9F95-762040C2232E}.Release|Any CPU.Build.0 = Release|Any CPU
		{6641EED9-6A71-4AA0-9F95-762040C2232E}.Release|x64.ActiveCfg = Release|Any CPU
		{6641EED9-6A71-4AA0-9F95-762040C2232E}.Release|x64.Build.0 = Release|Any CPU
		{6641EED9-6A71-4AA0-9F95-762040C2232E}.Release|x86.ActiveCfg = Release|Any CPU
		{6641EED9-6A71-4AA0-9F95-762040C2232E}.Release|x86.Build.0 = Release|Any CPU
		{484180F0-F859-4A03-853B-3B205173A0D7}.Debug|Any CPU.ActiveCfg = Debug|Any CPU
		{484180F0-F859-4A03-853B-3B205173A0D7}.Debug|Any CPU.Build.0 = Debug|Any CPU
		{484180F0-F859-4A03-853B-3B205173A0D7}.Debug|x64.ActiveCfg = Debug|Any CPU
		{484180F0-F859-4A03-853B-3B205173A0D7}.Debug|x64.Build.0 = Debug|Any CPU
		{484180F0-F859-4A03-853B-3B205173A0D7}.Debug|x86.ActiveCfg = Debug|Any CPU
		{484180F0-F859-4A03-853B-3B205173A0D7}.Debug|x86.Build.0 = Debug|Any CPU
		{484180F0-F859-4A03-853B-3B205173A0D7}.Release|Any CPU.ActiveCfg = Release|Any CPU
		{484180F0-F859-4A03-853B-3B205173A0D7}.Release|Any CPU.Build.0 = Release|Any CPU
		{484180F0-F859-4A03-853B-3B205173A0D7}.Release|x64.ActiveCfg = Release|Any CPU
		{484180F0-F859-4A03-853B-3B205173A0D7}.Release|x64.Build.0 = Release|Any CPU
		{484180F0-F859-4A03-853B-3B205173A0D7}.Release|x86.ActiveCfg = Release|Any CPU
		{484180F0-F859-4A03-853B-3B205173A0D7}.Release|x86.Build.0 = Release|Any CPU
		{E5C6C42B-B085-4841-A7E6-CE9CE8B86399}.Debug|Any CPU.ActiveCfg = Debug|Any CPU
		{E5C6C42B-B085-4841-A7E6-CE9CE8B86399}.Debug|Any CPU.Build.0 = Debug|Any CPU
		{E5C6C42B-B085-4841-A7E6-CE9CE8B86399}.Debug|x64.ActiveCfg = Debug|Any CPU
		{E5C6C42B-B085-4841-A7E6-CE9CE8B86399}.Debug|x64.Build.0 = Debug|Any CPU
		{E5C6C42B-B085-4841-A7E6-CE9CE8B86399}.Debug|x86.ActiveCfg = Debug|Any CPU
		{E5C6C42B-B085-4841-A7E6-CE9CE8B86399}.Debug|x86.Build.0 = Debug|Any CPU
		{E5C6C42B-B085-4841-A7E6-CE9CE8B86399}.Release|Any CPU.ActiveCfg = Release|Any CPU
		{E5C6C42B-B085-4841-A7E6-CE9CE8B86399}.Release|Any CPU.Build.0 = Release|Any CPU
		{E5C6C42B-B085-4841-A7E6-CE9CE8B86399}.Release|x64.ActiveCfg = Release|Any CPU
		{E5C6C42B-B085-4841-A7E6-CE9CE8B86399}.Release|x64.Build.0 = Release|Any CPU
		{E5C6C42B-B085-4841-A7E6-CE9CE8B86399}.Release|x86.ActiveCfg = Release|Any CPU
		{E5C6C42B-B085-4841-A7E6-CE9CE8B86399}.Release|x86.Build.0 = Release|Any CPU
		{C3662BE1-F669-4AF4-8880-BA0C0AB8BF75}.Debug|Any CPU.ActiveCfg = Debug|Any CPU
		{C3662BE1-F669-4AF4-8880-BA0C0AB8BF75}.Debug|Any CPU.Build.0 = Debug|Any CPU
		{C3662BE1-F669-4AF4-8880-BA0C0AB8BF75}.Debug|x64.ActiveCfg = Debug|Any CPU
		{C3662BE1-F669-4AF4-8880-BA0C0AB8BF75}.Debug|x64.Build.0 = Debug|Any CPU
		{C3662BE1-F669-4AF4-8880-BA0C0AB8BF75}.Debug|x86.ActiveCfg = Debug|Any CPU
		{C3662BE1-F669-4AF4-8880-BA0C0AB8BF75}.Debug|x86.Build.0 = Debug|Any CPU
		{C3662BE1-F669-4AF4-8880-BA0C0AB8BF75}.Release|Any CPU.ActiveCfg = Release|Any CPU
		{C3662BE1-F669-4AF4-8880-BA0C0AB8BF75}.Release|Any CPU.Build.0 = Release|Any CPU
		{C3662BE1-F669-4AF4-8880-BA0C0AB8BF75}.Release|x64.ActiveCfg = Release|Any CPU
		{C3662BE1-F669-4AF4-8880-BA0C0AB8BF75}.Release|x64.Build.0 = Release|Any CPU
		{C3662BE1-F669-4AF4-8880-BA0C0AB8BF75}.Release|x86.ActiveCfg = Release|Any CPU
		{C3662BE1-F669-4AF4-8880-BA0C0AB8BF75}.Release|x86.Build.0 = Release|Any CPU
		{356BEED8-6291-4464-8991-19E9FAD2E262}.Debug|Any CPU.ActiveCfg = Debug|Any CPU
		{356BEED8-6291-4464-8991-19E9FAD2E262}.Debug|Any CPU.Build.0 = Debug|Any CPU
		{356BEED8-6291-4464-8991-19E9FAD2E262}.Debug|x64.ActiveCfg = Debug|Any CPU
		{356BEED8-6291-4464-8991-19E9FAD2E262}.Debug|x64.Build.0 = Debug|Any CPU
		{356BEED8-6291-4464-8991-19E9FAD2E262}.Debug|x86.ActiveCfg = Debug|Any CPU
		{356BEED8-6291-4464-8991-19E9FAD2E262}.Debug|x86.Build.0 = Debug|Any CPU
		{356BEED8-6291-4464-8991-19E9FAD2E262}.Release|Any CPU.ActiveCfg = Release|Any CPU
		{356BEED8-6291-4464-8991-19E9FAD2E262}.Release|Any CPU.Build.0 = Release|Any CPU
		{356BEED8-6291-4464-8991-19E9FAD2E262}.Release|x64.ActiveCfg = Release|Any CPU
		{356BEED8-6291-4464-8991-19E9FAD2E262}.Release|x64.Build.0 = Release|Any CPU
		{356BEED8-6291-4464-8991-19E9FAD2E262}.Release|x86.ActiveCfg = Release|Any CPU
		{356BEED8-6291-4464-8991-19E9FAD2E262}.Release|x86.Build.0 = Release|Any CPU
		{E48EC44D-1793-4DD3-9931-A388EFC3B105}.Debug|Any CPU.ActiveCfg = Debug|Any CPU
		{E48EC44D-1793-4DD3-9931-A388EFC3B105}.Debug|Any CPU.Build.0 = Debug|Any CPU
		{E48EC44D-1793-4DD3-9931-A388EFC3B105}.Debug|x64.ActiveCfg = Debug|Any CPU
		{E48EC44D-1793-4DD3-9931-A388EFC3B105}.Debug|x64.Build.0 = Debug|Any CPU
		{E48EC44D-1793-4DD3-9931-A388EFC3B105}.Debug|x86.ActiveCfg = Debug|Any CPU
		{E48EC44D-1793-4DD3-9931-A388EFC3B105}.Debug|x86.Build.0 = Debug|Any CPU
		{E48EC44D-1793-4DD3-9931-A388EFC3B105}.Release|Any CPU.ActiveCfg = Release|Any CPU
		{E48EC44D-1793-4DD3-9931-A388EFC3B105}.Release|Any CPU.Build.0 = Release|Any CPU
		{E48EC44D-1793-4DD3-9931-A388EFC3B105}.Release|x64.ActiveCfg = Release|Any CPU
		{E48EC44D-1793-4DD3-9931-A388EFC3B105}.Release|x64.Build.0 = Release|Any CPU
		{E48EC44D-1793-4DD3-9931-A388EFC3B105}.Release|x86.ActiveCfg = Release|Any CPU
		{E48EC44D-1793-4DD3-9931-A388EFC3B105}.Release|x86.Build.0 = Release|Any CPU
		{6ACF7BC9-233E-43D6-A11C-65E86B635E69}.Debug|Any CPU.ActiveCfg = Debug|Any CPU
		{6ACF7BC9-233E-43D6-A11C-65E86B635E69}.Debug|Any CPU.Build.0 = Debug|Any CPU
		{6ACF7BC9-233E-43D6-A11C-65E86B635E69}.Debug|x64.ActiveCfg = Debug|Any CPU
		{6ACF7BC9-233E-43D6-A11C-65E86B635E69}.Debug|x64.Build.0 = Debug|Any CPU
		{6ACF7BC9-233E-43D6-A11C-65E86B635E69}.Debug|x86.ActiveCfg = Debug|Any CPU
		{6ACF7BC9-233E-43D6-A11C-65E86B635E69}.Debug|x86.Build.0 = Debug|Any CPU
		{6ACF7BC9-233E-43D6-A11C-65E86B635E69}.Release|Any CPU.ActiveCfg = Release|Any CPU
		{6ACF7BC9-233E-43D6-A11C-65E86B635E69}.Release|Any CPU.Build.0 = Release|Any CPU
		{6ACF7BC9-233E-43D6-A11C-65E86B635E69}.Release|x64.ActiveCfg = Release|Any CPU
		{6ACF7BC9-233E-43D6-A11C-65E86B635E69}.Release|x64.Build.0 = Release|Any CPU
		{6ACF7BC9-233E-43D6-A11C-65E86B635E69}.Release|x86.ActiveCfg = Release|Any CPU
		{6ACF7BC9-233E-43D6-A11C-65E86B635E69}.Release|x86.Build.0 = Release|Any CPU
		{5DA60E85-6262-4A5D-BC25-02F0F00B45D0}.Debug|Any CPU.ActiveCfg = Debug|Any CPU
		{5DA60E85-6262-4A5D-BC25-02F0F00B45D0}.Debug|Any CPU.Build.0 = Debug|Any CPU
		{5DA60E85-6262-4A5D-BC25-02F0F00B45D0}.Debug|x64.ActiveCfg = Debug|Any CPU
		{5DA60E85-6262-4A5D-BC25-02F0F00B45D0}.Debug|x64.Build.0 = Debug|Any CPU
		{5DA60E85-6262-4A5D-BC25-02F0F00B45D0}.Debug|x86.ActiveCfg = Debug|Any CPU
		{5DA60E85-6262-4A5D-BC25-02F0F00B45D0}.Debug|x86.Build.0 = Debug|Any CPU
		{5DA60E85-6262-4A5D-BC25-02F0F00B45D0}.Release|Any CPU.ActiveCfg = Release|Any CPU
		{5DA60E85-6262-4A5D-BC25-02F0F00B45D0}.Release|Any CPU.Build.0 = Release|Any CPU
		{5DA60E85-6262-4A5D-BC25-02F0F00B45D0}.Release|x64.ActiveCfg = Release|Any CPU
		{5DA60E85-6262-4A5D-BC25-02F0F00B45D0}.Release|x64.Build.0 = Release|Any CPU
		{5DA60E85-6262-4A5D-BC25-02F0F00B45D0}.Release|x86.ActiveCfg = Release|Any CPU
		{5DA60E85-6262-4A5D-BC25-02F0F00B45D0}.Release|x86.Build.0 = Release|Any CPU
		{E2711373-5BF2-4FC2-8B44-2029B8596545}.Debug|Any CPU.ActiveCfg = Debug|Any CPU
		{E2711373-5BF2-4FC2-8B44-2029B8596545}.Debug|Any CPU.Build.0 = Debug|Any CPU
		{E2711373-5BF2-4FC2-8B44-2029B8596545}.Debug|x64.ActiveCfg = Debug|Any CPU
		{E2711373-5BF2-4FC2-8B44-2029B8596545}.Debug|x64.Build.0 = Debug|Any CPU
		{E2711373-5BF2-4FC2-8B44-2029B8596545}.Debug|x86.ActiveCfg = Debug|Any CPU
		{E2711373-5BF2-4FC2-8B44-2029B8596545}.Debug|x86.Build.0 = Debug|Any CPU
		{E2711373-5BF2-4FC2-8B44-2029B8596545}.Release|Any CPU.ActiveCfg = Release|Any CPU
		{E2711373-5BF2-4FC2-8B44-2029B8596545}.Release|Any CPU.Build.0 = Release|Any CPU
		{E2711373-5BF2-4FC2-8B44-2029B8596545}.Release|x64.ActiveCfg = Release|Any CPU
		{E2711373-5BF2-4FC2-8B44-2029B8596545}.Release|x64.Build.0 = Release|Any CPU
		{E2711373-5BF2-4FC2-8B44-2029B8596545}.Release|x86.ActiveCfg = Release|Any CPU
		{E2711373-5BF2-4FC2-8B44-2029B8596545}.Release|x86.Build.0 = Release|Any CPU
		{4AE6C11F-4C2E-438D-845D-AD49755B4BED}.Debug|Any CPU.ActiveCfg = Debug|Any CPU
		{4AE6C11F-4C2E-438D-845D-AD49755B4BED}.Debug|Any CPU.Build.0 = Debug|Any CPU
		{4AE6C11F-4C2E-438D-845D-AD49755B4BED}.Debug|x64.ActiveCfg = Debug|Any CPU
		{4AE6C11F-4C2E-438D-845D-AD49755B4BED}.Debug|x64.Build.0 = Debug|Any CPU
		{4AE6C11F-4C2E-438D-845D-AD49755B4BED}.Debug|x86.ActiveCfg = Debug|Any CPU
		{4AE6C11F-4C2E-438D-845D-AD49755B4BED}.Debug|x86.Build.0 = Debug|Any CPU
		{4AE6C11F-4C2E-438D-845D-AD49755B4BED}.Release|Any CPU.ActiveCfg = Release|Any CPU
		{4AE6C11F-4C2E-438D-845D-AD49755B4BED}.Release|Any CPU.Build.0 = Release|Any CPU
		{4AE6C11F-4C2E-438D-845D-AD49755B4BED}.Release|x64.ActiveCfg = Release|Any CPU
		{4AE6C11F-4C2E-438D-845D-AD49755B4BED}.Release|x64.Build.0 = Release|Any CPU
		{4AE6C11F-4C2E-438D-845D-AD49755B4BED}.Release|x86.ActiveCfg = Release|Any CPU
		{4AE6C11F-4C2E-438D-845D-AD49755B4BED}.Release|x86.Build.0 = Release|Any CPU
		{7FF8F30E-BC11-4ADD-815E-C08998B9E831}.Debug|Any CPU.ActiveCfg = Debug|Any CPU
		{7FF8F30E-BC11-4ADD-815E-C08998B9E831}.Debug|Any CPU.Build.0 = Debug|Any CPU
		{7FF8F30E-BC11-4ADD-815E-C08998B9E831}.Debug|x64.ActiveCfg = Debug|Any CPU
		{7FF8F30E-BC11-4ADD-815E-C08998B9E831}.Debug|x64.Build.0 = Debug|Any CPU
		{7FF8F30E-BC11-4ADD-815E-C08998B9E831}.Debug|x86.ActiveCfg = Debug|Any CPU
		{7FF8F30E-BC11-4ADD-815E-C08998B9E831}.Debug|x86.Build.0 = Debug|Any CPU
		{7FF8F30E-BC11-4ADD-815E-C08998B9E831}.Release|Any CPU.ActiveCfg = Release|Any CPU
		{7FF8F30E-BC11-4ADD-815E-C08998B9E831}.Release|Any CPU.Build.0 = Release|Any CPU
		{7FF8F30E-BC11-4ADD-815E-C08998B9E831}.Release|x64.ActiveCfg = Release|Any CPU
		{7FF8F30E-BC11-4ADD-815E-C08998B9E831}.Release|x64.Build.0 = Release|Any CPU
		{7FF8F30E-BC11-4ADD-815E-C08998B9E831}.Release|x86.ActiveCfg = Release|Any CPU
		{7FF8F30E-BC11-4ADD-815E-C08998B9E831}.Release|x86.Build.0 = Release|Any CPU
		{BD89BAE0-54E8-4B9E-81CC-A030B61FC157}.Debug|Any CPU.ActiveCfg = Debug|Any CPU
		{BD89BAE0-54E8-4B9E-81CC-A030B61FC157}.Debug|Any CPU.Build.0 = Debug|Any CPU
		{BD89BAE0-54E8-4B9E-81CC-A030B61FC157}.Debug|x64.ActiveCfg = Debug|Any CPU
		{BD89BAE0-54E8-4B9E-81CC-A030B61FC157}.Debug|x64.Build.0 = Debug|Any CPU
		{BD89BAE0-54E8-4B9E-81CC-A030B61FC157}.Debug|x86.ActiveCfg = Debug|Any CPU
		{BD89BAE0-54E8-4B9E-81CC-A030B61FC157}.Debug|x86.Build.0 = Debug|Any CPU
		{BD89BAE0-54E8-4B9E-81CC-A030B61FC157}.Release|Any CPU.ActiveCfg = Release|Any CPU
		{BD89BAE0-54E8-4B9E-81CC-A030B61FC157}.Release|Any CPU.Build.0 = Release|Any CPU
		{BD89BAE0-54E8-4B9E-81CC-A030B61FC157}.Release|x64.ActiveCfg = Release|Any CPU
		{BD89BAE0-54E8-4B9E-81CC-A030B61FC157}.Release|x64.Build.0 = Release|Any CPU
		{BD89BAE0-54E8-4B9E-81CC-A030B61FC157}.Release|x86.ActiveCfg = Release|Any CPU
		{BD89BAE0-54E8-4B9E-81CC-A030B61FC157}.Release|x86.Build.0 = Release|Any CPU
		{A4F689F6-9C1C-48D9-9A93-101BCA7328D4}.Debug|Any CPU.ActiveCfg = Debug|Any CPU
		{A4F689F6-9C1C-48D9-9A93-101BCA7328D4}.Debug|Any CPU.Build.0 = Debug|Any CPU
		{A4F689F6-9C1C-48D9-9A93-101BCA7328D4}.Debug|x64.ActiveCfg = Debug|Any CPU
		{A4F689F6-9C1C-48D9-9A93-101BCA7328D4}.Debug|x64.Build.0 = Debug|Any CPU
		{A4F689F6-9C1C-48D9-9A93-101BCA7328D4}.Debug|x86.ActiveCfg = Debug|Any CPU
		{A4F689F6-9C1C-48D9-9A93-101BCA7328D4}.Debug|x86.Build.0 = Debug|Any CPU
		{A4F689F6-9C1C-48D9-9A93-101BCA7328D4}.Release|Any CPU.ActiveCfg = Release|Any CPU
		{A4F689F6-9C1C-48D9-9A93-101BCA7328D4}.Release|Any CPU.Build.0 = Release|Any CPU
		{A4F689F6-9C1C-48D9-9A93-101BCA7328D4}.Release|x64.ActiveCfg = Release|Any CPU
		{A4F689F6-9C1C-48D9-9A93-101BCA7328D4}.Release|x64.Build.0 = Release|Any CPU
		{A4F689F6-9C1C-48D9-9A93-101BCA7328D4}.Release|x86.ActiveCfg = Release|Any CPU
		{A4F689F6-9C1C-48D9-9A93-101BCA7328D4}.Release|x86.Build.0 = Release|Any CPU
		{63ED1620-2FFF-42D5-BDA6-CC18FBAFEF1D}.Debug|Any CPU.ActiveCfg = Debug|Any CPU
		{63ED1620-2FFF-42D5-BDA6-CC18FBAFEF1D}.Debug|Any CPU.Build.0 = Debug|Any CPU
		{63ED1620-2FFF-42D5-BDA6-CC18FBAFEF1D}.Debug|x64.ActiveCfg = Debug|Any CPU
		{63ED1620-2FFF-42D5-BDA6-CC18FBAFEF1D}.Debug|x64.Build.0 = Debug|Any CPU
		{63ED1620-2FFF-42D5-BDA6-CC18FBAFEF1D}.Debug|x86.ActiveCfg = Debug|Any CPU
		{63ED1620-2FFF-42D5-BDA6-CC18FBAFEF1D}.Debug|x86.Build.0 = Debug|Any CPU
		{63ED1620-2FFF-42D5-BDA6-CC18FBAFEF1D}.Release|Any CPU.ActiveCfg = Release|Any CPU
		{63ED1620-2FFF-42D5-BDA6-CC18FBAFEF1D}.Release|Any CPU.Build.0 = Release|Any CPU
		{63ED1620-2FFF-42D5-BDA6-CC18FBAFEF1D}.Release|x64.ActiveCfg = Release|Any CPU
		{63ED1620-2FFF-42D5-BDA6-CC18FBAFEF1D}.Release|x64.Build.0 = Release|Any CPU
		{63ED1620-2FFF-42D5-BDA6-CC18FBAFEF1D}.Release|x86.ActiveCfg = Release|Any CPU
		{63ED1620-2FFF-42D5-BDA6-CC18FBAFEF1D}.Release|x86.Build.0 = Release|Any CPU
	EndGlobalSection
	GlobalSection(NestedProjects) = preSolution
		{065AC9B6-519D-488D-8C05-4CFAF47C0975} = {886F8F3F-C769-49C0-8BED-AA20B7B43A5D}
		{D40C6568-1803-4934-9AE4-F4B8E96EBA90} = {065AC9B6-519D-488D-8C05-4CFAF47C0975}
		{FD3102F2-CB16-4EDC-8C53-78CD34F43F5C} = {AEAD9D9F-2162-40F0-9380-4AA066192998}
		{B395CABC-BF04-467E-80A0-6E7837688FFF} = {FD3102F2-CB16-4EDC-8C53-78CD34F43F5C}
		{165F8B1C-97F3-4779-B2AD-035C6E53E085} = {FD3102F2-CB16-4EDC-8C53-78CD34F43F5C}
		{9C4D6CCF-D959-43C1-9EDC-E6D5B4EC5356} = {065AC9B6-519D-488D-8C05-4CFAF47C0975}
		{A030D742-2BD1-4A5C-8F5A-D0E872AE5946} = {FD3102F2-CB16-4EDC-8C53-78CD34F43F5C}
		{90C58F79-9136-4E1C-9CF6-80C0A58468DB} = {FD3102F2-CB16-4EDC-8C53-78CD34F43F5C}
		{07086DCE-DE16-45A7-B04C-ED6B0737CE6B} = {FD3102F2-CB16-4EDC-8C53-78CD34F43F5C}
		{8460364F-0F95-4F76-AAF3-20BD120E95E1} = {FD3102F2-CB16-4EDC-8C53-78CD34F43F5C}
		{54FFB523-A37C-4520-8FF8-9A8DEE8528BF} = {FD3102F2-CB16-4EDC-8C53-78CD34F43F5C}
		{4DAFD379-D4DB-4FA4-BDF0-CDEEF2F40670} = {FD3102F2-CB16-4EDC-8C53-78CD34F43F5C}
		{D1D24CD0-6EAF-48B7-99D4-8F993CC9ED3C} = {FD3102F2-CB16-4EDC-8C53-78CD34F43F5C}
		{BC11EDEE-4684-4910-A2FB-1545153C918F} = {FD3102F2-CB16-4EDC-8C53-78CD34F43F5C}
		{5900AA9F-1EE9-4BB4-ADCD-EFDB13F5B869} = {FD3102F2-CB16-4EDC-8C53-78CD34F43F5C}
		{1CF77DCF-2C6D-4E25-89C5-74EB32486A89} = {FD3102F2-CB16-4EDC-8C53-78CD34F43F5C}
		{42C7D8FD-2AF1-4E49-9EDE-EBAE15E149C9} = {FD3102F2-CB16-4EDC-8C53-78CD34F43F5C}
		{3F8CF55E-4138-483D-ABBF-917E6095FB14} = {065AC9B6-519D-488D-8C05-4CFAF47C0975}
		{85686C3E-0DD7-4CB7-98AD-B76C10B7C414} = {065AC9B6-519D-488D-8C05-4CFAF47C0975}
		{43F04C6D-1022-4D29-8B37-8473FE06E62E} = {065AC9B6-519D-488D-8C05-4CFAF47C0975}
		{751FA84E-2689-4C09-838A-0CBC6F297249} = {065AC9B6-519D-488D-8C05-4CFAF47C0975}
		{476CF811-592F-44DA-9C86-6FB03F86862A} = {AEAD9D9F-2162-40F0-9380-4AA066192998}
		{212BEA83-8F25-411D-AD69-314038A9DC9C} = {476CF811-592F-44DA-9C86-6FB03F86862A}
		{8CFFF7A2-464E-41B6-A35B-1E9A31C14DBF} = {476CF811-592F-44DA-9C86-6FB03F86862A}
		{153E1917-3876-4BA3-89EA-A6D24844E64E} = {476CF811-592F-44DA-9C86-6FB03F86862A}
		{D556DEC3-E54F-4E85-990B-9A22638A8872} = {AEAD9D9F-2162-40F0-9380-4AA066192998}
		{A92CD1D6-C53E-46FF-918C-3CD8A612B0FF} = {D556DEC3-E54F-4E85-990B-9A22638A8872}
		{2544A001-8E77-4498-8192-A3FE224CC5AA} = {D556DEC3-E54F-4E85-990B-9A22638A8872}
		{B1486BF3-05E8-4445-9C39-D9064DD61B98} = {D556DEC3-E54F-4E85-990B-9A22638A8872}
		{C4FAAB8B-3F85-4E58-B6ED-79CBD33142AE} = {AEAD9D9F-2162-40F0-9380-4AA066192998}
		{6641EED9-6A71-4AA0-9F95-762040C2232E} = {C4FAAB8B-3F85-4E58-B6ED-79CBD33142AE}
		{484180F0-F859-4A03-853B-3B205173A0D7} = {C4FAAB8B-3F85-4E58-B6ED-79CBD33142AE}
		{E5C6C42B-B085-4841-A7E6-CE9CE8B86399} = {C4FAAB8B-3F85-4E58-B6ED-79CBD33142AE}
		{C3662BE1-F669-4AF4-8880-BA0C0AB8BF75} = {C4FAAB8B-3F85-4E58-B6ED-79CBD33142AE}
		{356BEED8-6291-4464-8991-19E9FAD2E262} = {C4FAAB8B-3F85-4E58-B6ED-79CBD33142AE}
		{20FBB84F-8A6F-4D51-B3EA-F20AE49942CE} = {886F8F3F-C769-49C0-8BED-AA20B7B43A5D}
		{E48EC44D-1793-4DD3-9931-A388EFC3B105} = {20FBB84F-8A6F-4D51-B3EA-F20AE49942CE}
		{FAEFE545-7021-47B2-B8F4-A4D90E3A1D95} = {AEAD9D9F-2162-40F0-9380-4AA066192998}
		{6ACF7BC9-233E-43D6-A11C-65E86B635E69} = {FAEFE545-7021-47B2-B8F4-A4D90E3A1D95}
		{DEE13036-D4A0-4AA8-BA32-DBA07EA395C2} = {886F8F3F-C769-49C0-8BED-AA20B7B43A5D}
		{5DA60E85-6262-4A5D-BC25-02F0F00B45D0} = {DEE13036-D4A0-4AA8-BA32-DBA07EA395C2}
		{E2711373-5BF2-4FC2-8B44-2029B8596545} = {FAEFE545-7021-47B2-B8F4-A4D90E3A1D95}
		{4AE6C11F-4C2E-438D-845D-AD49755B4BED} = {DEE13036-D4A0-4AA8-BA32-DBA07EA395C2}
		{7FF8F30E-BC11-4ADD-815E-C08998B9E831} = {FAEFE545-7021-47B2-B8F4-A4D90E3A1D95}
		{BD89BAE0-54E8-4B9E-81CC-A030B61FC157} = {FAEFE545-7021-47B2-B8F4-A4D90E3A1D95}
		{A4F689F6-9C1C-48D9-9A93-101BCA7328D4} = {DEE13036-D4A0-4AA8-BA32-DBA07EA395C2}
		{63ED1620-2FFF-42D5-BDA6-CC18FBAFEF1D} = {DEE13036-D4A0-4AA8-BA32-DBA07EA395C2}
	EndGlobalSection
EndGlobal
