<?xml version="1.0" encoding="utf-8"?>
<Project ToolsVersion="4.0" xmlns="http://schemas.microsoft.com/developer/msbuild/2003">
  <ItemGroup>
    <Filter Include="Source Files">
      <UniqueIdentifier>{4FC737F1-C7A5-4376-A066-2A32D752A2FF}</UniqueIdentifier>
      <Extensions>cpp;c;cc;cxx;def;odl;idl;hpj;bat;asm;asmx</Extensions>
    </Filter>
    <Filter Include="Impl Headers">
      <UniqueIdentifier>{533cf49a-6c52-4c34-aeb8-9f163b26ce6f}</UniqueIdentifier>
    </Filter>
    <Filter Include="API Headers">
      <UniqueIdentifier>{95e8f73b-3df9-49ed-a577-9386e08f15e7}</UniqueIdentifier>
    </Filter>
    <Filter Include="API Headers\LoadBalancer">
      <UniqueIdentifier>{2b917c5f-43e5-4014-87cf-e2b18fd5e2be}</UniqueIdentifier>
    </Filter>
  </ItemGroup>
  <ItemGroup>
    <ClCompile Include="..\main\src\impl\cmd\gridclientcommandexecutorfactory.cpp">
      <Filter>Source Files</Filter>
    </ClCompile>
    <ClCompile Include="..\main\src\impl\cmd\gridclienttcpcommandexecutor.cpp">
      <Filter>Source Files</Filter>
    </ClCompile>
    <ClCompile Include="..\main\src\impl\cmd\gridechocommand.cpp">
      <Filter>Source Files</Filter>
    </ClCompile>
    <ClCompile Include="..\main\src\impl\connection\gridclientconnection.cpp">
      <Filter>Source Files</Filter>
    </ClCompile>
    <ClCompile Include="..\main\src\impl\connection\gridclientconnectionpool.cpp">
      <Filter>Source Files</Filter>
    </ClCompile>
    <ClCompile Include="..\main\src\impl\connection\gridclienttcpconnection.cpp">
      <Filter>Source Files</Filter>
    </ClCompile>
    <ClCompile Include="..\main\src\impl\gridclientcomputeprojection.cpp">
      <Filter>Source Files</Filter>
    </ClCompile>
    <ClCompile Include="..\main\src\impl\gridclientconfiguration.cpp">
      <Filter>Source Files</Filter>
    </ClCompile>
    <ClCompile Include="..\main\src\impl\gridclientdataconfiguration.cpp">
      <Filter>Source Files</Filter>
    </ClCompile>
    <ClCompile Include="..\main\src\impl\gridclientdatametrics.cpp">
      <Filter>Source Files</Filter>
    </ClCompile>
    <ClCompile Include="..\main\src\impl\gridclientdataprojection.cpp">
      <Filter>Source Files</Filter>
    </ClCompile>
    <ClCompile Include="..\main\src\impl\gridclientfactory.cpp">
      <Filter>Source Files</Filter>
    </ClCompile>
    <ClCompile Include="..\main\src\impl\gridclientimpl.cpp">
      <Filter>Source Files</Filter>
    </ClCompile>
    <ClCompile Include="..\main\src\impl\gridclientnode.cpp">
      <Filter>Source Files</Filter>
    </ClCompile>
    <ClCompile Include="..\main\src\impl\gridclientpartionedataaffinity.cpp">
      <Filter>Source Files</Filter>
    </ClCompile>
    <ClCompile Include="..\main\src\impl\gridclientprojectionimpl.cpp">
      <Filter>Source Files</Filter>
    </ClCompile>
    <ClCompile Include="..\main\src\impl\gridclientprotocolconfiguration.cpp">
      <Filter>Source Files</Filter>
    </ClCompile>
    <ClCompile Include="..\main\src\impl\gridclientrandombalancer.cpp">
      <Filter>Source Files</Filter>
    </ClCompile>
    <ClCompile Include="..\main\src\impl\gridclientroundrobinbalancer.cpp">
      <Filter>Source Files</Filter>
    </ClCompile>
    <ClCompile Include="..\main\src\impl\gridclienttopology.cpp">
      <Filter>Source Files</Filter>
    </ClCompile>
    <ClCompile Include="..\main\src\impl\gridfuture.cpp">
      <Filter>Source Files</Filter>
    </ClCompile>
    <ClCompile Include="..\main\src\impl\hash\gridbytearrayshasheableobject.cpp">
      <Filter>Source Files</Filter>
    </ClCompile>
    <ClCompile Include="..\main\src\impl\hash\gridconsistenthashimpl.cpp">
      <Filter>Source Files</Filter>
    </ClCompile>
    <ClCompile Include="..\main\src\impl\hash\griddoublehasheableobject.cpp">
      <Filter>Source Files</Filter>
    </ClCompile>
    <ClCompile Include="..\main\src\impl\hash\gridfloathasheableobject.cpp">
      <Filter>Source Files</Filter>
    </ClCompile>
    <ClCompile Include="..\main\src\impl\hash\gridstringhasheableobject.cpp">
      <Filter>Source Files</Filter>
    </ClCompile>
    <ClCompile Include="..\main\src\impl\hash\gridvarianthasheableobject.cpp">
      <Filter>Source Files</Filter>
    </ClCompile>
    <ClCompile Include="..\main\src\impl\hash\md5.cpp">
      <Filter>Source Files</Filter>
    </ClCompile>
    <ClCompile Include="..\main\src\impl\utils\gridclientlog.cpp">
      <Filter>Source Files</Filter>
    </ClCompile>
    <ClCompile Include="..\main\src\impl\utils\gridutil.cpp">
      <Filter>Source Files</Filter>
    </ClCompile>
    <ClCompile Include="..\main\src\model\gridclientuuid.cpp">
      <Filter>Source Files</Filter>
    </ClCompile>
    <ClCompile Include="..\main\src\model\gridclientvariant.cpp">
      <Filter>Source Files</Filter>
    </ClCompile>
    <ClCompile Include="..\main\src\impl\utils\gridthreadpool.cpp">
      <Filter>Source Files</Filter>
    </ClCompile>
    <ClCompile Include="..\main\src\impl\gridclientrandomrouterbalancer.cpp">
      <Filter>Source Files</Filter>
    </ClCompile>
    <ClCompile Include="..\main\src\impl\hash\gridclientwidestringhasheableobject.cpp">
      <Filter>Source Files</Filter>
    </ClCompile>
    <ClCompile Include="..\main\src\impl\marshaller\portable\gridportablemarshaller.cpp">
      <Filter>Impl Headers</Filter>
    </ClCompile>
    <ClCompile Include="..\main\src\impl\hash\gridclienthash.cpp">
      <Filter>Source Files</Filter>
    </ClCompile>
    <ClCompile Include="..\main\src\model\gridportable.cpp">
      <Filter>Source Files</Filter>
    </ClCompile>
    <ClCompile Include="..\main\src\model\gridportablereader.cpp">
      <Filter>Source Files</Filter>
    </ClCompile>
    <ClCompile Include="..\main\src\model\gridportablewriter.cpp">
      <Filter>Source Files</Filter>
    </ClCompile>
    <ClCompile Include="..\main\src\impl\marshaller\portable\gridclientportablemessages.cpp">
      <Filter>Source Files</Filter>
    </ClCompile>
  </ItemGroup>
  <ItemGroup>
    <ClInclude Include="..\main\include\gridgain\gridclient.hpp">
      <Filter>API Headers</Filter>
    </ClInclude>
    <ClInclude Include="..\main\include\gridgain\gridclientcompute.hpp">
      <Filter>API Headers</Filter>
    </ClInclude>
    <ClInclude Include="..\main\include\gridgain\gridclientconfiguration.hpp">
      <Filter>API Headers</Filter>
    </ClInclude>
    <ClInclude Include="..\main\include\gridgain\gridclientdata.hpp">
      <Filter>API Headers</Filter>
    </ClInclude>
    <ClInclude Include="..\main\include\gridgain\gridclientdataaffinity.hpp">
      <Filter>API Headers</Filter>
    </ClInclude>
    <ClInclude Include="..\main\include\gridgain\gridclientdatametrics.hpp">
      <Filter>API Headers</Filter>
    </ClInclude>
    <ClInclude Include="..\main\include\gridgain\gridclientexception.hpp">
      <Filter>API Headers</Filter>
    </ClInclude>
    <ClInclude Include="..\main\include\gridgain\gridclientfactory.hpp">
      <Filter>API Headers</Filter>
    </ClInclude>
    <ClInclude Include="..\main\include\gridgain\gridclientloadbalancer.hpp">
      <Filter>API Headers</Filter>
    </ClInclude>
    <ClInclude Include="..\main\include\gridgain\gridclientmodel.hpp">
      <Filter>API Headers</Filter>
    </ClInclude>
    <ClInclude Include="..\main\include\gridgain\gridclientnode.hpp">
      <Filter>API Headers</Filter>
    </ClInclude>
    <ClInclude Include="..\main\include\gridgain\gridclientnodemetricsbean.hpp">
      <Filter>API Headers</Filter>
    </ClInclude>
    <ClInclude Include="..\main\include\gridgain\gridclientpredicate.hpp">
      <Filter>API Headers</Filter>
    </ClInclude>
    <ClInclude Include="..\main\include\gridgain\gridclientprotocol.hpp">
      <Filter>API Headers</Filter>
    </ClInclude>
    <ClInclude Include="..\main\include\gridgain\gridclientprotocolconfiguration.hpp">
      <Filter>API Headers</Filter>
    </ClInclude>
    <ClInclude Include="..\main\include\gridgain\gridclienttopologylistener.hpp">
      <Filter>API Headers</Filter>
    </ClInclude>
    <ClInclude Include="..\main\include\gridgain\gridclienttypedef.hpp">
      <Filter>API Headers</Filter>
    </ClInclude>
    <ClInclude Include="..\main\include\gridgain\gridclientuuid.hpp">
      <Filter>API Headers</Filter>
    </ClInclude>
    <ClInclude Include="..\main\include\gridgain\gridclientvariant.hpp">
      <Filter>API Headers</Filter>
    </ClInclude>
    <ClInclude Include="..\main\include\gridgain\gridcommon.hpp">
      <Filter>API Headers</Filter>
    </ClInclude>
    <ClInclude Include="..\main\include\gridgain\gridconf.hpp">
      <Filter>API Headers</Filter>
    </ClInclude>
    <ClInclude Include="..\main\include\gridgain\gridfuture.hpp">
      <Filter>API Headers</Filter>
    </ClInclude>
    <ClInclude Include="..\main\include\gridgain\gridgain.hpp">
      <Filter>API Headers</Filter>
    </ClInclude>
    <ClInclude Include="..\main\include\gridgain\gridhasheableobject.hpp">
      <Filter>API Headers</Filter>
    </ClInclude>
    <ClInclude Include="..\main\include\gridgain\gridsocketaddress.hpp">
      <Filter>API Headers</Filter>
    </ClInclude>
    <ClInclude Include="..\main\include\gridgain\loadbalancer\gridclientloadbalancer.hpp">
      <Filter>API Headers\LoadBalancer</Filter>
    </ClInclude>
    <ClInclude Include="..\main\include\gridgain\loadbalancer\gridclientrandombalancer.hpp">
      <Filter>API Headers\LoadBalancer</Filter>
    </ClInclude>
    <ClInclude Include="..\main\include\gridgain\loadbalancer\gridclientroundrobinbalancer.hpp">
      <Filter>API Headers\LoadBalancer</Filter>
    </ClInclude>
    <ClInclude Include="..\main\include\gridgain\impl\gridclientcomputeprojection.hpp">
      <Filter>Impl Headers</Filter>
    </ClInclude>
    <ClInclude Include="..\main\include\gridgain\impl\gridclientdataprojection.hpp">
      <Filter>Impl Headers</Filter>
    </ClInclude>
    <ClInclude Include="..\main\include\gridgain\impl\gridclientimpl.hpp">
      <Filter>Impl Headers</Filter>
    </ClInclude>
    <ClInclude Include="..\main\include\gridgain\impl\gridclientpartitionedaffinity.hpp">
      <Filter>Impl Headers</Filter>
    </ClInclude>
    <ClInclude Include="..\main\include\gridgain\impl\gridclientprojection.hpp">
      <Filter>Impl Headers</Filter>
    </ClInclude>
    <ClInclude Include="..\main\include\gridgain\impl\gridclientrecurringeventthread.hpp">
      <Filter>Impl Headers</Filter>
    </ClInclude>
    <ClInclude Include="..\main\include\gridgain\impl\gridclientshareddata.hpp">
      <Filter>Impl Headers</Filter>
    </ClInclude>
    <ClInclude Include="..\main\include\gridgain\impl\gridclienttopology.hpp">
      <Filter>Impl Headers</Filter>
    </ClInclude>
    <ClInclude Include="..\main\include\gridgain\impl\gridconsistenhashimpl.hpp">
      <Filter>Impl Headers</Filter>
    </ClInclude>
    <ClInclude Include="..\main\include\gridgain\impl\gridconsistenthash.hpp">
      <Filter>Impl Headers</Filter>
    </ClInclude>
    <ClInclude Include="..\main\include\gridgain\impl\cmd\gridclientcommandexecutor.hpp">
      <Filter>Impl Headers</Filter>
    </ClInclude>
    <ClInclude Include="..\main\include\gridgain\impl\cmd\gridclientcommandexecutorfactory.hpp">
      <Filter>Impl Headers</Filter>
    </ClInclude>
    <ClInclude Include="..\main\include\gridgain\impl\cmd\gridclientmessage.hpp">
      <Filter>Impl Headers</Filter>
    </ClInclude>
    <ClInclude Include="..\main\include\gridgain\impl\cmd\gridclientmessageauthrequestcommand.hpp">
      <Filter>Impl Headers</Filter>
    </ClInclude>
    <ClInclude Include="..\main\include\gridgain\impl\cmd\gridclientmessageauthresult.hpp">
      <Filter>Impl Headers</Filter>
    </ClInclude>
    <ClInclude Include="..\main\include\gridgain\impl\cmd\gridclientmessagecachegetresult.hpp">
      <Filter>Impl Headers</Filter>
    </ClInclude>
    <ClInclude Include="..\main\include\gridgain\impl\cmd\gridclientmessagecachemetricsresult.hpp">
      <Filter>Impl Headers</Filter>
    </ClInclude>
    <ClInclude Include="..\main\include\gridgain\impl\cmd\gridclientmessagecachemodifyresult.hpp">
      <Filter>Impl Headers</Filter>
    </ClInclude>
    <ClInclude Include="..\main\include\gridgain\impl\cmd\gridclientmessagecacherequestcommand.hpp">
      <Filter>Impl Headers</Filter>
    </ClInclude>
    <ClInclude Include="..\main\include\gridgain\impl\cmd\gridclientmessagecacheresult.hpp">
      <Filter>Impl Headers</Filter>
    </ClInclude>
    <ClInclude Include="..\main\include\gridgain\impl\cmd\gridclientmessagecommand.hpp">
      <Filter>Impl Headers</Filter>
    </ClInclude>
    <ClInclude Include="..\main\include\gridgain\impl\cmd\gridclientmessageechocommand.hpp">
      <Filter>Impl Headers</Filter>
    </ClInclude>
    <ClInclude Include="..\main\include\gridgain\impl\cmd\gridclientmessagelogrequestcommand.hpp">
      <Filter>Impl Headers</Filter>
    </ClInclude>
    <ClInclude Include="..\main\include\gridgain\impl\cmd\gridclientmessagelogresult.hpp">
      <Filter>Impl Headers</Filter>
    </ClInclude>
    <ClInclude Include="..\main\include\gridgain\impl\cmd\gridclientmessageresult.hpp">
      <Filter>Impl Headers</Filter>
    </ClInclude>
    <ClInclude Include="..\main\include\gridgain\impl\cmd\gridclientmessagetaskrequestcommand.hpp">
      <Filter>Impl Headers</Filter>
    </ClInclude>
    <ClInclude Include="..\main\include\gridgain\impl\cmd\gridclientmessagetaskresult.hpp">
      <Filter>Impl Headers</Filter>
    </ClInclude>
    <ClInclude Include="..\main\include\gridgain\impl\cmd\gridclientmessagetopologyrequestcommand.hpp">
      <Filter>Impl Headers</Filter>
    </ClInclude>
    <ClInclude Include="..\main\include\gridgain\impl\cmd\gridclientmessagetopologyresult.hpp">
      <Filter>Impl Headers</Filter>
    </ClInclude>
    <ClInclude Include="..\main\include\gridgain\impl\cmd\gridclienttcpcommandexecutor.hpp">
      <Filter>Impl Headers</Filter>
    </ClInclude>
    <ClInclude Include="..\main\include\gridgain\impl\connection\gridclientconnection.hpp">
      <Filter>Impl Headers</Filter>
    </ClInclude>
    <ClInclude Include="..\main\include\gridgain\impl\connection\gridclientconnectionpool.hpp">
      <Filter>Impl Headers</Filter>
    </ClInclude>
    <ClInclude Include="..\main\include\gridgain\impl\connection\gridclienttcpconnection.hpp">
      <Filter>Impl Headers</Filter>
    </ClInclude>
    <ClInclude Include="..\main\include\gridgain\impl\filter\gridclientfilter.hpp">
      <Filter>Impl Headers</Filter>
    </ClInclude>
    <ClInclude Include="..\main\include\gridgain\impl\hash\gridclientboolhasheableobject.hpp">
      <Filter>Impl Headers</Filter>
    </ClInclude>
    <ClInclude Include="..\main\include\gridgain\impl\hash\gridclientbytearrayshasheableobject.hpp">
      <Filter>Impl Headers</Filter>
    </ClInclude>
    <ClInclude Include="..\main\include\gridgain\impl\hash\gridclientdoublehasheableobject.hpp">
      <Filter>Impl Headers</Filter>
    </ClInclude>
    <ClInclude Include="..\main\include\gridgain\impl\hash\gridclientfloathasheableobject.hpp">
      <Filter>Impl Headers</Filter>
    </ClInclude>
    <ClInclude Include="..\main\include\gridgain\impl\hash\gridclientsimpletypehasheableobject.hpp">
      <Filter>Impl Headers</Filter>
    </ClInclude>
    <ClInclude Include="..\main\include\gridgain\impl\hash\gridclientstringhasheableobject.hpp">
      <Filter>Impl Headers</Filter>
    </ClInclude>
    <ClInclude Include="..\main\include\gridgain\impl\hash\gridclientvarianthasheableobject.hpp">
      <Filter>Impl Headers</Filter>
    </ClInclude>
    <ClInclude Include="..\main\include\gridgain\impl\hash\md5.h">
      <Filter>Impl Headers</Filter>
    </ClInclude>
    <ClInclude Include="..\main\include\gridgain\impl\marshaller\gridnodemarshallerhelper.hpp">
      <Filter>Impl Headers</Filter>
    </ClInclude>
    <ClInclude Include="..\main\include\gridgain\impl\projectionclosure\gridclientmessageprojectionclosure.hpp">
      <Filter>Impl Headers</Filter>
    </ClInclude>
    <ClInclude Include="..\main\include\gridgain\impl\projectionclosure\gridclientprojectionclosure.hpp">
      <Filter>Impl Headers</Filter>
    </ClInclude>
    <ClInclude Include="..\main\include\gridgain\impl\utils\gridclientbyteutils.hpp">
      <Filter>Impl Headers</Filter>
    </ClInclude>
    <ClInclude Include="..\main\include\gridgain\impl\utils\gridclientdebug.hpp">
      <Filter>Impl Headers</Filter>
    </ClInclude>
    <ClInclude Include="..\main\include\gridgain\impl\utils\gridclientlog.hpp">
      <Filter>Impl Headers</Filter>
    </ClInclude>
    <ClInclude Include="..\main\include\gridgain\impl\utils\gridfutureimpl.hpp">
      <Filter>Impl Headers</Filter>
    </ClInclude>
    <ClInclude Include="..\main\include\gridgain\impl\utils\gridutil.hpp">
      <Filter>Impl Headers</Filter>
    </ClInclude>
    <ClInclude Include="..\main\include\gridgain\impl\filter\gridclientnodefilter.hpp">
      <Filter>Impl Headers</Filter>
    </ClInclude>
    <ClInclude Include="..\main\include\gridgain\impl\utils\gridthreadpool.hpp">
      <Filter>Impl Headers</Filter>
    </ClInclude>
    <ClInclude Include="..\main\include\gridgain\loadbalancer\gridclientrandomrouterbalancer.hpp" />
    <ClInclude Include="..\main\include\gridgain\loadbalancer\gridclientrouterbalancer.hpp" />
    <ClInclude Include="..\main\include\gridgain\impl\gridclientprojectionlistener.hpp">
      <Filter>Impl Headers</Filter>
    </ClInclude>
    <ClInclude Include="..\main\include\gridgain\gridportable.hpp">
      <Filter>API Headers</Filter>
    </ClInclude>
    <ClInclude Include="..\main\include\gridgain\gridportablereader.hpp">
      <Filter>API Headers</Filter>
    </ClInclude>
    <ClInclude Include="..\main\include\gridgain\gridportableserializer.hpp">
      <Filter>API Headers</Filter>
    </ClInclude>
    <ClInclude Include="..\main\include\gridgain\gridportablewriter.hpp">
      <Filter>API Headers</Filter>
    </ClInclude>
    <ClInclude Include="..\main\include\gridgain\gridclienthash.hpp">
      <Filter>API Headers</Filter>
    </ClInclude>
    <ClInclude Include="..\main\include\gridgain\gridclientdate.hpp">
      <Filter>API Headers</Filter>
    </ClInclude>
    <ClInclude Include="..\main\include\gridgain\impl\marshaller\portable\gridclientportablemessages.hpp">
      <Filter>Impl Headers</Filter>
    </ClInclude>
  </ItemGroup>
  <ItemGroup>
    <ResourceCompile Include="gridgain-client.rc" />
  </ItemGroup>
</Project>