Microsoft Visual Studio Solution File, Format Version 11.00
# Visual Studio 2010
Project("{FAE04EC0-301F-11D3-BF4B-00C04F79EFBC}") = "Apache.Ignite.Core", "Apache.Ignite.Core\Apache.Ignite.Core.csproj", "{4CD2F726-7E2B-46C4-A5BA-057BB82EECB6}"
EndProject
Project("{FAE04EC0-301F-11D3-BF4B-00C04F79EFBC}") = "Apache.Ignite.Core.Tests", "..\..\test\dotnet\Apache.Ignite.Core.Tests\Apache.Ignite.Core.Tests.csproj", "{6A62F66C-DA5B-4FBB-8CE7-A95F740FDC7A}"
EndProject
Global
	GlobalSection(SolutionConfigurationPlatforms) = preSolution
		Debug|x64 = Debug|x64
		Debug|x86 = Debug|x86
		Release|x64 = Release|x64
		Release|x86 = Release|x86
	EndGlobalSection
	GlobalSection(ProjectConfigurationPlatforms) = postSolution
		{4CD2F726-7E2B-46C4-A5BA-057BB82EECB6}.Debug|x64.ActiveCfg = Debug|x64
		{4CD2F726-7E2B-46C4-A5BA-057BB82EECB6}.Debug|x64.Build.0 = Debug|x64
		{4CD2F726-7E2B-46C4-A5BA-057BB82EECB6}.Debug|x86.ActiveCfg = Debug|x86
		{4CD2F726-7E2B-46C4-A5BA-057BB82EECB6}.Debug|x86.Build.0 = Debug|x86
		{4CD2F726-7E2B-46C4-A5BA-057BB82EECB6}.Release|x64.ActiveCfg = Release|x64
		{4CD2F726-7E2B-46C4-A5BA-057BB82EECB6}.Release|x64.Build.0 = Release|x64
		{4CD2F726-7E2B-46C4-A5BA-057BB82EECB6}.Release|x86.ActiveCfg = Release|x86
		{4CD2F726-7E2B-46C4-A5BA-057BB82EECB6}.Release|x86.Build.0 = Release|x86
		{6A62F66C-DA5B-4FBB-8CE7-A95F740FDC7A}.Debug|x64.ActiveCfg = Debug|x64
		{6A62F66C-DA5B-4FBB-8CE7-A95F740FDC7A}.Debug|x64.Build.0 = Debug|x64
		{6A62F66C-DA5B-4FBB-8CE7-A95F740FDC7A}.Debug|x86.ActiveCfg = Debug|x86
		{6A62F66C-DA5B-4FBB-8CE7-A95F740FDC7A}.Debug|x86.Build.0 = Debug|x86
		{6A62F66C-DA5B-4FBB-8CE7-A95F740FDC7A}.Release|x64.ActiveCfg = Release|x64
		{6A62F66C-DA5B-4FBB-8CE7-A95F740FDC7A}.Release|x64.Build.0 = Release|x64
		{6A62F66C-DA5B-4FBB-8CE7-A95F740FDC7A}.Release|x86.ActiveCfg = Release|x86
		{6A62F66C-DA5B-4FBB-8CE7-A95F740FDC7A}.Release|x86.Build.0 = Release|x86
	EndGlobalSection
	GlobalSection(SolutionProperties) = preSolution
		HideSolutionNode = FALSE
	EndGlobalSection
EndGlobal
